{
  "object": {
    "pins": [
      {
        "package": "ElegantPages",
        "repositoryURL": "https://github.com/ThasianX/ElegantPages",
        "state": {
          "branch": "feature/reloadpages",
          "revision": "e91246c8c3b8b5edc26437e3c440fd99648949c8",
          "version": null
        }
      }
    ]
  },
  "version": 1
}
