{
  "object": {
    "pins": [
      {
        "package": "ElegantPages",
        "repositoryURL": "https://github.com/ThasianX/ElegantPages",
        "state": {
          "branch": null,
          "revision": "47d166799f2313ad9e47c9c22687021d396d940f",
          "version": "1.4.1"
        }
      }
    ]
  },
  "version": 1
}
