{
  "object": {
    "pins": [
      {
        "package": "ElegantPages",
        "repositoryURL": "https://github.com/ThasianX/ElegantPages",
        "state": {
          "branch": null,
          "revision": "6c356456458b7bf99472577d57cc2560fc3601e2",
          "version": "1.2.0"
        }
      }
    ]
  },
  "version": 1
}
