{
  "object": {
    "pins": [
      {
        "package": "ElegantPages",
        "repositoryURL": "https://github.com/ThasianX/Elegant-Pages",
        "state": {
          "branch": null,
          "revision": "c7e555f7a47e1a3869682dbcd47b8abf7c82169f",
          "version": "1.0.0"
        }
      }
    ]
  },
  "version": 1
}
