// !$*UTF8*$!
{
	archiveVersion = 1;
	classes = {
	};
	objectVersion = 52;
	objects = {

/* Begin PBXBuildFile section */
		1E029C7724A4448A00A81FFD /* AppDelegate.swift in Sources */ = {isa = PBXBuildFile; fileRef = 1E029C7624A4448A00A81FFD /* AppDelegate.swift */; };
		1E029C7924A4448A00A81FFD /* SceneDelegate.swift in Sources */ = {isa = PBXBuildFile; fileRef = 1E029C7824A4448A00A81FFD /* SceneDelegate.swift */; };
		1E029C7D24A4448A00A81FFD /* Assets.xcassets in Resources */ = {isa = PBXBuildFile; fileRef = 1E029C7C24A4448A00A81FFD /* Assets.xcassets */; };
		1E029C8024A4448A00A81FFD /* Preview Assets.xcassets in Resources */ = {isa = PBXBuildFile; fileRef = 1E029C7F24A4448A00A81FFD /* Preview Assets.xcassets */; };
		1E029C8324A4448A00A81FFD /* LaunchScreen.storyboard in Resources */ = {isa = PBXBuildFile; fileRef = 1E029C8124A4448A00A81FFD /* LaunchScreen.storyboard */; };
		1E029CB324A4450200A81FFD /* ExampleCalendarView.swift in Sources */ = {isa = PBXBuildFile; fileRef = 1E029CB024A4450200A81FFD /* ExampleCalendarView.swift */; };
		1E029CB424A4450200A81FFD /* ExampleMonthlyCalendarView.swift in Sources */ = {isa = PBXBuildFile; fileRef = 1E029CB124A4450200A81FFD /* ExampleMonthlyCalendarView.swift */; };
		1E029CB524A4450200A81FFD /* ExampleYearlyCalendarView.swift in Sources */ = {isa = PBXBuildFile; fileRef = 1E029CB224A4450200A81FFD /* ExampleYearlyCalendarView.swift */; };
		1E029D3224A4492B00A81FFD /* ElegantPages in Frameworks */ = {isa = PBXBuildFile; productRef = 1E029D3124A4492B00A81FFD /* ElegantPages */; };
		1E628BED24A451B900DDD18E /* ContentView.swift in Sources */ = {isa = PBXBuildFile; fileRef = 1E628BEC24A451B900DDD18E /* ContentView.swift */; };
		1E628BEF24A4528D00DDD18E /* ExampleSelectionView.swift in Sources */ = {isa = PBXBuildFile; fileRef = 1E628BEE24A4528D00DDD18E /* ExampleSelectionView.swift */; };
		1E628BF124A457C700DDD18E /* Date+FullDate.swift in Sources */ = {isa = PBXBuildFile; fileRef = 1E628BF024A457C700DDD18E /* Date+FullDate.swift */; };
		1E995AF424A552BA00F436BE /* Visit.swift in Sources */ = {isa = PBXBuildFile; fileRef = 1E995AF024A552BA00F436BE /* Visit.swift */; };
		1E995AF524A552BA00F436BE /* VisitsListView.swift in Sources */ = {isa = PBXBuildFile; fileRef = 1E995AF124A552BA00F436BE /* VisitsListView.swift */; };
		1E995AF624A552BA00F436BE /* VisitPreviewConstants.swift in Sources */ = {isa = PBXBuildFile; fileRef = 1E995AF224A552BA00F436BE /* VisitPreviewConstants.swift */; };
		1E995AF724A552BA00F436BE /* VisitCell.swift in Sources */ = {isa = PBXBuildFile; fileRef = 1E995AF324A552BA00F436BE /* VisitCell.swift */; };
		1EE7C01724BE8720000573A2 /* Calendar+Buildable.swift in Sources */ = {isa = PBXBuildFile; fileRef = 1EE7C01624BE8720000573A2 /* Calendar+Buildable.swift */; };
		1EE7C01924BE8EFD000573A2 /* EnvironmentKey+CalendarTheme.swift in Sources */ = {isa = PBXBuildFile; fileRef = 1EE7C01824BE8EFD000573A2 /* EnvironmentKey+CalendarTheme.swift */; };
		1EE7C01B24BEA4B3000573A2 /* ChangeThemeButton.swift in Sources */ = {isa = PBXBuildFile; fileRef = 1EE7C01A24BEA4B3000573A2 /* ChangeThemeButton.swift */; };
		1EE7C01D24BEA55B000573A2 /* Color+Custom.swift in Sources */ = {isa = PBXBuildFile; fileRef = 1EE7C01C24BEA55B000573A2 /* Color+Custom.swift */; };
		1EE7DDDA24BD6054008BA2EC /* ElegantCalendarView.swift in Sources */ = {isa = PBXBuildFile; fileRef = 1EE7DDB424BD6054008BA2EC /* ElegantCalendarView.swift */; };
		1EE7DDDB24BD6054008BA2EC /* ScrollBackToTodayButton.swift in Sources */ = {isa = PBXBuildFile; fileRef = 1EE7DDB624BD6054008BA2EC /* ScrollBackToTodayButton.swift */; };
		1EE7DDDC24BD6054008BA2EC /* MonthlyCalendarView.swift in Sources */ = {isa = PBXBuildFile; fileRef = 1EE7DDB824BD6054008BA2EC /* MonthlyCalendarView.swift */; };
		1EE7DDDD24BD6054008BA2EC /* MonthView.swift in Sources */ = {isa = PBXBuildFile; fileRef = 1EE7DDB924BD6054008BA2EC /* MonthView.swift */; };
		1EE7DDDE24BD6054008BA2EC /* WeekView.swift in Sources */ = {isa = PBXBuildFile; fileRef = 1EE7DDBA24BD6054008BA2EC /* WeekView.swift */; };
		1EE7DDDF24BD6054008BA2EC /* DayView.swift in Sources */ = {isa = PBXBuildFile; fileRef = 1EE7DDBB24BD6054008BA2EC /* DayView.swift */; };
		1EE7DDE024BD6054008BA2EC /* SmallMonthView.swift in Sources */ = {isa = PBXBuildFile; fileRef = 1EE7DDBD24BD6054008BA2EC /* SmallMonthView.swift */; };
		1EE7DDE124BD6054008BA2EC /* YearlyCalendarView.swift in Sources */ = {isa = PBXBuildFile; fileRef = 1EE7DDBE24BD6054008BA2EC /* YearlyCalendarView.swift */; };
		1EE7DDE224BD6054008BA2EC /* SmallDayView.swift in Sources */ = {isa = PBXBuildFile; fileRef = 1EE7DDBF24BD6054008BA2EC /* SmallDayView.swift */; };
		1EE7DDE324BD6054008BA2EC /* SmallWeekView.swift in Sources */ = {isa = PBXBuildFile; fileRef = 1EE7DDC024BD6054008BA2EC /* SmallWeekView.swift */; };
		1EE7DDE424BD6054008BA2EC /* YearView.swift in Sources */ = {isa = PBXBuildFile; fileRef = 1EE7DDC124BD6054008BA2EC /* YearView.swift */; };
		1EE7DDE524BD6054008BA2EC /* CalenderConstants.swift in Sources */ = {isa = PBXBuildFile; fileRef = 1EE7DDC424BD6054008BA2EC /* CalenderConstants.swift */; };
		1EE7DDE624BD6054008BA2EC /* CalendarConfiguration.swift in Sources */ = {isa = PBXBuildFile; fileRef = 1EE7DDC524BD6054008BA2EC /* CalendarConfiguration.swift */; };
		1EE7DDE724BD6054008BA2EC /* YearlyCalendarManager.swift in Sources */ = {isa = PBXBuildFile; fileRef = 1EE7DDC724BD6054008BA2EC /* YearlyCalendarManager.swift */; };
		1EE7DDE824BD6054008BA2EC /* ElegantCalendarManager.swift in Sources */ = {isa = PBXBuildFile; fileRef = 1EE7DDC824BD6054008BA2EC /* ElegantCalendarManager.swift */; };
		1EE7DDE924BD6054008BA2EC /* PagerState.swift in Sources */ = {isa = PBXBuildFile; fileRef = 1EE7DDC924BD6054008BA2EC /* PagerState.swift */; };
		1EE7DDEA24BD6054008BA2EC /* MonthlyCalendarManager.swift in Sources */ = {isa = PBXBuildFile; fileRef = 1EE7DDCA24BD6054008BA2EC /* MonthlyCalendarManager.swift */; };
		1EE7DDEB24BD6054008BA2EC /* ElegantCalendarCommunicator.swift in Sources */ = {isa = PBXBuildFile; fileRef = 1EE7DDCC24BD6054008BA2EC /* ElegantCalendarCommunicator.swift */; };
		1EE7DDEC24BD6054008BA2EC /* ElegantCalendarDataSource.swift in Sources */ = {isa = PBXBuildFile; fileRef = 1EE7DDCD24BD6054008BA2EC /* ElegantCalendarDataSource.swift */; };
		1EE7DDED24BD6054008BA2EC /* ElegantCalendarDelegate.swift in Sources */ = {isa = PBXBuildFile; fileRef = 1EE7DDCE24BD6054008BA2EC /* ElegantCalendarDelegate.swift */; };
		1EE7DDEE24BD6054008BA2EC /* UIImpactFeedbackGenerator+Haptic.swift in Sources */ = {isa = PBXBuildFile; fileRef = 1EE7DDD024BD6054008BA2EC /* UIImpactFeedbackGenerator+Haptic.swift */; };
		1EE7DDEF24BD6054008BA2EC /* Date+DaysFromToday.swift in Sources */ = {isa = PBXBuildFile; fileRef = 1EE7DDD124BD6054008BA2EC /* Date+DaysFromToday.swift */; };
		1EE7DDF024BD6054008BA2EC /* UIImage+BundleInit.swift in Sources */ = {isa = PBXBuildFile; fileRef = 1EE7DDD224BD6054008BA2EC /* UIImage+BundleInit.swift */; };
		1EE7DDF124BD6054008BA2EC /* Image+Custom.swift in Sources */ = {isa = PBXBuildFile; fileRef = 1EE7DDD324BD6054008BA2EC /* Image+Custom.swift */; };
		1EE7DDF224BD6054008BA2EC /* Date+toString.swift in Sources */ = {isa = PBXBuildFile; fileRef = 1EE7DDD424BD6054008BA2EC /* Date+toString.swift */; };
		1EE7DDF324BD6054008BA2EC /* Color+CustomColors.swift in Sources */ = {isa = PBXBuildFile; fileRef = 1EE7DDD524BD6054008BA2EC /* Color+CustomColors.swift */; };
		1EE7DDF424BD6054008BA2EC /* Enumeration+Matching.swift in Sources */ = {isa = PBXBuildFile; fileRef = 1EE7DDD624BD6054008BA2EC /* Enumeration+Matching.swift */; };
		1EE7DDF524BD6054008BA2EC /* Calender+Dates.swift in Sources */ = {isa = PBXBuildFile; fileRef = 1EE7DDD724BD6054008BA2EC /* Calender+Dates.swift */; };
		1EE7DDF624BD6054008BA2EC /* LightDarkThemePreview.swift in Sources */ = {isa = PBXBuildFile; fileRef = 1EE7DDD924BD6054008BA2EC /* LightDarkThemePreview.swift */; };
		1EE7DDF824BD6064008BA2EC /* ElegantCalendar.xcassets in Resources */ = {isa = PBXBuildFile; fileRef = 1EE7DDF724BD6064008BA2EC /* ElegantCalendar.xcassets */; };
/* End PBXBuildFile section */

/* Begin PBXFileReference section */
		1E029C7324A4448A00A81FFD /* Example.app */ = {isa = PBXFileReference; explicitFileType = wrapper.application; includeInIndex = 0; path = Example.app; sourceTree = BUILT_PRODUCTS_DIR; };
		1E029C7624A4448A00A81FFD /* AppDelegate.swift */ = {isa = PBXFileReference; lastKnownFileType = sourcecode.swift; path = AppDelegate.swift; sourceTree = "<group>"; };
		1E029C7824A4448A00A81FFD /* SceneDelegate.swift */ = {isa = PBXFileReference; lastKnownFileType = sourcecode.swift; path = SceneDelegate.swift; sourceTree = "<group>"; };
		1E029C7C24A4448A00A81FFD /* Assets.xcassets */ = {isa = PBXFileReference; lastKnownFileType = folder.assetcatalog; path = Assets.xcassets; sourceTree = "<group>"; };
		1E029C7F24A4448A00A81FFD /* Preview Assets.xcassets */ = {isa = PBXFileReference; lastKnownFileType = folder.assetcatalog; path = "Preview Assets.xcassets"; sourceTree = "<group>"; };
		1E029C8224A4448A00A81FFD /* Base */ = {isa = PBXFileReference; lastKnownFileType = file.storyboard; name = Base; path = Base.lproj/LaunchScreen.storyboard; sourceTree = "<group>"; };
		1E029C8424A4448A00A81FFD /* Info.plist */ = {isa = PBXFileReference; lastKnownFileType = text.plist.xml; path = Info.plist; sourceTree = "<group>"; };
		1E029CB024A4450200A81FFD /* ExampleCalendarView.swift */ = {isa = PBXFileReference; fileEncoding = 4; lastKnownFileType = sourcecode.swift; path = ExampleCalendarView.swift; sourceTree = "<group>"; };
		1E029CB124A4450200A81FFD /* ExampleMonthlyCalendarView.swift */ = {isa = PBXFileReference; fileEncoding = 4; lastKnownFileType = sourcecode.swift; path = ExampleMonthlyCalendarView.swift; sourceTree = "<group>"; };
		1E029CB224A4450200A81FFD /* ExampleYearlyCalendarView.swift */ = {isa = PBXFileReference; fileEncoding = 4; lastKnownFileType = sourcecode.swift; path = ExampleYearlyCalendarView.swift; sourceTree = "<group>"; };
		1E628BEC24A451B900DDD18E /* ContentView.swift */ = {isa = PBXFileReference; lastKnownFileType = sourcecode.swift; path = ContentView.swift; sourceTree = "<group>"; };
		1E628BEE24A4528D00DDD18E /* ExampleSelectionView.swift */ = {isa = PBXFileReference; lastKnownFileType = sourcecode.swift; path = ExampleSelectionView.swift; sourceTree = "<group>"; };
		1E628BF024A457C700DDD18E /* Date+FullDate.swift */ = {isa = PBXFileReference; lastKnownFileType = sourcecode.swift; path = "Date+FullDate.swift"; sourceTree = "<group>"; };
		1E995AF024A552BA00F436BE /* Visit.swift */ = {isa = PBXFileReference; fileEncoding = 4; lastKnownFileType = sourcecode.swift; path = Visit.swift; sourceTree = "<group>"; };
		1E995AF124A552BA00F436BE /* VisitsListView.swift */ = {isa = PBXFileReference; fileEncoding = 4; lastKnownFileType = sourcecode.swift; path = VisitsListView.swift; sourceTree = "<group>"; };
		1E995AF224A552BA00F436BE /* VisitPreviewConstants.swift */ = {isa = PBXFileReference; fileEncoding = 4; lastKnownFileType = sourcecode.swift; path = VisitPreviewConstants.swift; sourceTree = "<group>"; };
		1E995AF324A552BA00F436BE /* VisitCell.swift */ = {isa = PBXFileReference; fileEncoding = 4; lastKnownFileType = sourcecode.swift; path = VisitCell.swift; sourceTree = "<group>"; };
		1EE7C01624BE8720000573A2 /* Calendar+Buildable.swift */ = {isa = PBXFileReference; lastKnownFileType = sourcecode.swift; path = "Calendar+Buildable.swift"; sourceTree = "<group>"; };
		1EE7C01824BE8EFD000573A2 /* EnvironmentKey+CalendarTheme.swift */ = {isa = PBXFileReference; lastKnownFileType = sourcecode.swift; path = "EnvironmentKey+CalendarTheme.swift"; sourceTree = "<group>"; };
		1EE7C01A24BEA4B3000573A2 /* ChangeThemeButton.swift */ = {isa = PBXFileReference; lastKnownFileType = sourcecode.swift; path = ChangeThemeButton.swift; sourceTree = "<group>"; };
		1EE7C01C24BEA55B000573A2 /* Color+Custom.swift */ = {isa = PBXFileReference; lastKnownFileType = sourcecode.swift; path = "Color+Custom.swift"; sourceTree = "<group>"; };
		1EE7DDB424BD6054008BA2EC /* ElegantCalendarView.swift */ = {isa = PBXFileReference; fileEncoding = 4; lastKnownFileType = sourcecode.swift; path = ElegantCalendarView.swift; sourceTree = "<group>"; };
		1EE7DDB624BD6054008BA2EC /* ScrollBackToTodayButton.swift */ = {isa = PBXFileReference; fileEncoding = 4; lastKnownFileType = sourcecode.swift; path = ScrollBackToTodayButton.swift; sourceTree = "<group>"; };
		1EE7DDB824BD6054008BA2EC /* MonthlyCalendarView.swift */ = {isa = PBXFileReference; fileEncoding = 4; lastKnownFileType = sourcecode.swift; path = MonthlyCalendarView.swift; sourceTree = "<group>"; };
		1EE7DDB924BD6054008BA2EC /* MonthView.swift */ = {isa = PBXFileReference; fileEncoding = 4; lastKnownFileType = sourcecode.swift; path = MonthView.swift; sourceTree = "<group>"; };
		1EE7DDBA24BD6054008BA2EC /* WeekView.swift */ = {isa = PBXFileReference; fileEncoding = 4; lastKnownFileType = sourcecode.swift; path = WeekView.swift; sourceTree = "<group>"; };
		1EE7DDBB24BD6054008BA2EC /* DayView.swift */ = {isa = PBXFileReference; fileEncoding = 4; lastKnownFileType = sourcecode.swift; path = DayView.swift; sourceTree = "<group>"; };
		1EE7DDBD24BD6054008BA2EC /* SmallMonthView.swift */ = {isa = PBXFileReference; fileEncoding = 4; lastKnownFileType = sourcecode.swift; path = SmallMonthView.swift; sourceTree = "<group>"; };
		1EE7DDBE24BD6054008BA2EC /* YearlyCalendarView.swift */ = {isa = PBXFileReference; fileEncoding = 4; lastKnownFileType = sourcecode.swift; path = YearlyCalendarView.swift; sourceTree = "<group>"; };
		1EE7DDBF24BD6054008BA2EC /* SmallDayView.swift */ = {isa = PBXFileReference; fileEncoding = 4; lastKnownFileType = sourcecode.swift; path = SmallDayView.swift; sourceTree = "<group>"; };
		1EE7DDC024BD6054008BA2EC /* SmallWeekView.swift */ = {isa = PBXFileReference; fileEncoding = 4; lastKnownFileType = sourcecode.swift; path = SmallWeekView.swift; sourceTree = "<group>"; };
		1EE7DDC124BD6054008BA2EC /* YearView.swift */ = {isa = PBXFileReference; fileEncoding = 4; lastKnownFileType = sourcecode.swift; path = YearView.swift; sourceTree = "<group>"; };
		1EE7DDC424BD6054008BA2EC /* CalenderConstants.swift */ = {isa = PBXFileReference; fileEncoding = 4; lastKnownFileType = sourcecode.swift; path = CalenderConstants.swift; sourceTree = "<group>"; };
		1EE7DDC524BD6054008BA2EC /* CalendarConfiguration.swift */ = {isa = PBXFileReference; fileEncoding = 4; lastKnownFileType = sourcecode.swift; path = CalendarConfiguration.swift; sourceTree = "<group>"; };
		1EE7DDC724BD6054008BA2EC /* YearlyCalendarManager.swift */ = {isa = PBXFileReference; fileEncoding = 4; lastKnownFileType = sourcecode.swift; path = YearlyCalendarManager.swift; sourceTree = "<group>"; };
		1EE7DDC824BD6054008BA2EC /* ElegantCalendarManager.swift */ = {isa = PBXFileReference; fileEncoding = 4; lastKnownFileType = sourcecode.swift; path = ElegantCalendarManager.swift; sourceTree = "<group>"; };
		1EE7DDC924BD6054008BA2EC /* PagerState.swift */ = {isa = PBXFileReference; fileEncoding = 4; lastKnownFileType = sourcecode.swift; path = PagerState.swift; sourceTree = "<group>"; };
		1EE7DDCA24BD6054008BA2EC /* MonthlyCalendarManager.swift */ = {isa = PBXFileReference; fileEncoding = 4; lastKnownFileType = sourcecode.swift; path = MonthlyCalendarManager.swift; sourceTree = "<group>"; };
		1EE7DDCC24BD6054008BA2EC /* ElegantCalendarCommunicator.swift */ = {isa = PBXFileReference; fileEncoding = 4; lastKnownFileType = sourcecode.swift; path = ElegantCalendarCommunicator.swift; sourceTree = "<group>"; };
		1EE7DDCD24BD6054008BA2EC /* ElegantCalendarDataSource.swift */ = {isa = PBXFileReference; fileEncoding = 4; lastKnownFileType = sourcecode.swift; path = ElegantCalendarDataSource.swift; sourceTree = "<group>"; };
		1EE7DDCE24BD6054008BA2EC /* ElegantCalendarDelegate.swift */ = {isa = PBXFileReference; fileEncoding = 4; lastKnownFileType = sourcecode.swift; path = ElegantCalendarDelegate.swift; sourceTree = "<group>"; };
		1EE7DDD024BD6054008BA2EC /* UIImpactFeedbackGenerator+Haptic.swift */ = {isa = PBXFileReference; fileEncoding = 4; lastKnownFileType = sourcecode.swift; path = "UIImpactFeedbackGenerator+Haptic.swift"; sourceTree = "<group>"; };
		1EE7DDD124BD6054008BA2EC /* Date+DaysFromToday.swift */ = {isa = PBXFileReference; fileEncoding = 4; lastKnownFileType = sourcecode.swift; path = "Date+DaysFromToday.swift"; sourceTree = "<group>"; };
		1EE7DDD224BD6054008BA2EC /* UIImage+BundleInit.swift */ = {isa = PBXFileReference; fileEncoding = 4; lastKnownFileType = sourcecode.swift; path = "UIImage+BundleInit.swift"; sourceTree = "<group>"; };
		1EE7DDD324BD6054008BA2EC /* Image+Custom.swift */ = {isa = PBXFileReference; fileEncoding = 4; lastKnownFileType = sourcecode.swift; path = "Image+Custom.swift"; sourceTree = "<group>"; };
		1EE7DDD424BD6054008BA2EC /* Date+toString.swift */ = {isa = PBXFileReference; fileEncoding = 4; lastKnownFileType = sourcecode.swift; path = "Date+toString.swift"; sourceTree = "<group>"; };
		1EE7DDD524BD6054008BA2EC /* Color+CustomColors.swift */ = {isa = PBXFileReference; fileEncoding = 4; lastKnownFileType = sourcecode.swift; path = "Color+CustomColors.swift"; sourceTree = "<group>"; };
		1EE7DDD624BD6054008BA2EC /* Enumeration+Matching.swift */ = {isa = PBXFileReference; fileEncoding = 4; lastKnownFileType = sourcecode.swift; path = "Enumeration+Matching.swift"; sourceTree = "<group>"; };
		1EE7DDD724BD6054008BA2EC /* Calender+Dates.swift */ = {isa = PBXFileReference; fileEncoding = 4; lastKnownFileType = sourcecode.swift; path = "Calender+Dates.swift"; sourceTree = "<group>"; };
		1EE7DDD924BD6054008BA2EC /* LightDarkThemePreview.swift */ = {isa = PBXFileReference; fileEncoding = 4; lastKnownFileType = sourcecode.swift; path = LightDarkThemePreview.swift; sourceTree = "<group>"; };
		1EE7DDF724BD6064008BA2EC /* ElegantCalendar.xcassets */ = {isa = PBXFileReference; lastKnownFileType = folder.assetcatalog; name = ElegantCalendar.xcassets; path = ../ElegantCalendar.xcassets; sourceTree = "<group>"; };
/* End PBXFileReference section */

/* Begin PBXFrameworksBuildPhase section */
		1E029C7024A4448A00A81FFD /* Frameworks */ = {
			isa = PBXFrameworksBuildPhase;
			buildActionMask = 2147483647;
			files = (
				1E029D3224A4492B00A81FFD /* ElegantPages in Frameworks */,
			);
			runOnlyForDeploymentPostprocessing = 0;
		};
/* End PBXFrameworksBuildPhase section */

/* Begin PBXGroup section */
		1E029C6A24A4448A00A81FFD = {
			isa = PBXGroup;
			children = (
				1EE7DDF724BD6064008BA2EC /* ElegantCalendar.xcassets */,
				1E029C7524A4448A00A81FFD /* Example */,
				1E029C7424A4448A00A81FFD /* Products */,
			);
			sourceTree = "<group>";
		};
		1E029C7424A4448A00A81FFD /* Products */ = {
			isa = PBXGroup;
			children = (
				1E029C7324A4448A00A81FFD /* Example.app */,
			);
			name = Products;
			sourceTree = "<group>";
		};
		1E029C7524A4448A00A81FFD /* Example */ = {
			isa = PBXGroup;
			children = (
				1E029C7624A4448A00A81FFD /* AppDelegate.swift */,
				1E029C7824A4448A00A81FFD /* SceneDelegate.swift */,
				1E628BEC24A451B900DDD18E /* ContentView.swift */,
				1E029D3624A44CBC00A81FFD /* Individual Views */,
				1E029D3724A44CF700A81FFD /* Calendar with Accessory View */,
				1E029D3524A44CA700A81FFD /* Selection and Exit */,
				1E029D3824A44D2D00A81FFD /* Shared */,
				1E029C7C24A4448A00A81FFD /* Assets.xcassets */,
				1E029C8124A4448A00A81FFD /* LaunchScreen.storyboard */,
				1E029C8424A4448A00A81FFD /* Info.plist */,
				1EE7DDB124BD6054008BA2EC /* Sources */,
				1E029C7E24A4448A00A81FFD /* Preview Content */,
			);
			path = Example;
			sourceTree = "<group>";
		};
		1E029C7E24A4448A00A81FFD /* Preview Content */ = {
			isa = PBXGroup;
			children = (
				1E029C7F24A4448A00A81FFD /* Preview Assets.xcassets */,
			);
			path = "Preview Content";
			sourceTree = "<group>";
		};
		1E029D3524A44CA700A81FFD /* Selection and Exit */ = {
			isa = PBXGroup;
			children = (
				1E628BEE24A4528D00DDD18E /* ExampleSelectionView.swift */,
			);
			path = "Selection and Exit";
			sourceTree = "<group>";
		};
		1E029D3624A44CBC00A81FFD /* Individual Views */ = {
			isa = PBXGroup;
			children = (
				1E029CB124A4450200A81FFD /* ExampleMonthlyCalendarView.swift */,
				1E029CB224A4450200A81FFD /* ExampleYearlyCalendarView.swift */,
			);
			path = "Individual Views";
			sourceTree = "<group>";
		};
		1E029D3724A44CF700A81FFD /* Calendar with Accessory View */ = {
			isa = PBXGroup;
			children = (
				1E029CB024A4450200A81FFD /* ExampleCalendarView.swift */,
				1E995AF024A552BA00F436BE /* Visit.swift */,
				1E995AF324A552BA00F436BE /* VisitCell.swift */,
				1E995AF224A552BA00F436BE /* VisitPreviewConstants.swift */,
				1E995AF124A552BA00F436BE /* VisitsListView.swift */,
			);
			path = "Calendar with Accessory View";
			sourceTree = "<group>";
		};
		1E029D3824A44D2D00A81FFD /* Shared */ = {
			isa = PBXGroup;
			children = (
				1E628BF024A457C700DDD18E /* Date+FullDate.swift */,
				1EE7C01A24BEA4B3000573A2 /* ChangeThemeButton.swift */,
				1EE7C01C24BEA55B000573A2 /* Color+Custom.swift */,
			);
			path = Shared;
			sourceTree = "<group>";
		};
		1EE7DDB124BD6054008BA2EC /* Sources */ = {
			isa = PBXGroup;
			children = (
				1EE7DDB224BD6054008BA2EC /* ElegantCalendar */,
			);
			name = Sources;
			path = ../../Sources;
			sourceTree = "<group>";
		};
		1EE7DDB224BD6054008BA2EC /* ElegantCalendar */ = {
			isa = PBXGroup;
			children = (
				1EE7DDB324BD6054008BA2EC /* Views */,
				1EE7DDC224BD6054008BA2EC /* Helpers */,
			);
			path = ElegantCalendar;
			sourceTree = "<group>";
		};
		1EE7DDB324BD6054008BA2EC /* Views */ = {
			isa = PBXGroup;
			children = (
				1EE7DDB424BD6054008BA2EC /* ElegantCalendarView.swift */,
				1EE7DDB524BD6054008BA2EC /* Shared */,
				1EE7DDB724BD6054008BA2EC /* Monthly */,
				1EE7DDBC24BD6054008BA2EC /* Yearly */,
			);
			path = Views;
			sourceTree = "<group>";
		};
		1EE7DDB524BD6054008BA2EC /* Shared */ = {
			isa = PBXGroup;
			children = (
				1EE7DDB624BD6054008BA2EC /* ScrollBackToTodayButton.swift */,
			);
			path = Shared;
			sourceTree = "<group>";
		};
		1EE7DDB724BD6054008BA2EC /* Monthly */ = {
			isa = PBXGroup;
			children = (
				1EE7DDB824BD6054008BA2EC /* MonthlyCalendarView.swift */,
				1EE7DDB924BD6054008BA2EC /* MonthView.swift */,
				1EE7DDBA24BD6054008BA2EC /* WeekView.swift */,
				1EE7DDBB24BD6054008BA2EC /* DayView.swift */,
			);
			path = Monthly;
			sourceTree = "<group>";
		};
		1EE7DDBC24BD6054008BA2EC /* Yearly */ = {
			isa = PBXGroup;
			children = (
				1EE7DDBD24BD6054008BA2EC /* SmallMonthView.swift */,
				1EE7DDBE24BD6054008BA2EC /* YearlyCalendarView.swift */,
				1EE7DDBF24BD6054008BA2EC /* SmallDayView.swift */,
				1EE7DDC024BD6054008BA2EC /* SmallWeekView.swift */,
				1EE7DDC124BD6054008BA2EC /* YearView.swift */,
			);
			path = Yearly;
			sourceTree = "<group>";
		};
		1EE7DDC224BD6054008BA2EC /* Helpers */ = {
			isa = PBXGroup;
			children = (
				1EE7DDC324BD6054008BA2EC /* Models */,
				1EE7DDCF24BD6054008BA2EC /* Extensions */,
				1EE7DDD824BD6054008BA2EC /* Previews */,
			);
			path = Helpers;
			sourceTree = "<group>";
		};
		1EE7DDC324BD6054008BA2EC /* Models */ = {
			isa = PBXGroup;
			children = (
				1EE7DDC424BD6054008BA2EC /* CalenderConstants.swift */,
				1EE7DDC524BD6054008BA2EC /* CalendarConfiguration.swift */,
				1EE7DDC624BD6054008BA2EC /* ObservableObjects */,
				1EE7DDCB24BD6054008BA2EC /* Protocols */,
			);
			path = Models;
			sourceTree = "<group>";
		};
		1EE7DDC624BD6054008BA2EC /* ObservableObjects */ = {
			isa = PBXGroup;
			children = (
				1EE7DDC724BD6054008BA2EC /* YearlyCalendarManager.swift */,
				1EE7DDC824BD6054008BA2EC /* ElegantCalendarManager.swift */,
				1EE7DDC924BD6054008BA2EC /* PagerState.swift */,
				1EE7DDCA24BD6054008BA2EC /* MonthlyCalendarManager.swift */,
			);
			path = ObservableObjects;
			sourceTree = "<group>";
		};
		1EE7DDCB24BD6054008BA2EC /* Protocols */ = {
			isa = PBXGroup;
			children = (
				1EE7C01624BE8720000573A2 /* Calendar+Buildable.swift */,
				1EE7DDCC24BD6054008BA2EC /* ElegantCalendarCommunicator.swift */,
				1EE7DDCD24BD6054008BA2EC /* ElegantCalendarDataSource.swift */,
				1EE7DDCE24BD6054008BA2EC /* ElegantCalendarDelegate.swift */,
			);
			path = Protocols;
			sourceTree = "<group>";
		};
		1EE7DDCF24BD6054008BA2EC /* Extensions */ = {
			isa = PBXGroup;
			children = (
				1EE7DDD024BD6054008BA2EC /* UIImpactFeedbackGenerator+Haptic.swift */,
				1EE7DDD124BD6054008BA2EC /* Date+DaysFromToday.swift */,
				1EE7DDD224BD6054008BA2EC /* UIImage+BundleInit.swift */,
				1EE7DDD324BD6054008BA2EC /* Image+Custom.swift */,
				1EE7DDD424BD6054008BA2EC /* Date+toString.swift */,
				1EE7DDD524BD6054008BA2EC /* Color+CustomColors.swift */,
				1EE7DDD624BD6054008BA2EC /* Enumeration+Matching.swift */,
				1EE7DDD724BD6054008BA2EC /* Calender+Dates.swift */,
				1EE7C01824BE8EFD000573A2 /* EnvironmentKey+CalendarTheme.swift */,
			);
			path = Extensions;
			sourceTree = "<group>";
		};
		1EE7DDD824BD6054008BA2EC /* Previews */ = {
			isa = PBXGroup;
			children = (
				1EE7DDD924BD6054008BA2EC /* LightDarkThemePreview.swift */,
			);
			path = Previews;
			sourceTree = "<group>";
		};
/* End PBXGroup section */

/* Begin PBXNativeTarget section */
		1E029C7224A4448A00A81FFD /* Example */ = {
			isa = PBXNativeTarget;
			buildConfigurationList = 1E029C8724A4448A00A81FFD /* Build configuration list for PBXNativeTarget "Example" */;
			buildPhases = (
				1E029C6F24A4448A00A81FFD /* Sources */,
				1E029C7024A4448A00A81FFD /* Frameworks */,
				1E029C7124A4448A00A81FFD /* Resources */,
			);
			buildRules = (
			);
			dependencies = (
			);
			name = Example;
			packageProductDependencies = (
				1E029D3124A4492B00A81FFD /* ElegantPages */,
			);
			productName = Example;
			productReference = 1E029C7324A4448A00A81FFD /* Example.app */;
			productType = "com.apple.product-type.application";
		};
/* End PBXNativeTarget section */

/* Begin PBXProject section */
		1E029C6B24A4448A00A81FFD /* Project object */ = {
			isa = PBXProject;
			attributes = {
				LastSwiftUpdateCheck = 1150;
				LastUpgradeCheck = 1150;
				ORGANIZATIONNAME = "Kevin Li";
				TargetAttributes = {
					1E029C7224A4448A00A81FFD = {
						CreatedOnToolsVersion = 11.5;
					};
				};
			};
			buildConfigurationList = 1E029C6E24A4448A00A81FFD /* Build configuration list for PBXProject "Example" */;
			compatibilityVersion = "Xcode 9.3";
			developmentRegion = en;
			hasScannedForEncodings = 0;
			knownRegions = (
				en,
				Base,
			);
			mainGroup = 1E029C6A24A4448A00A81FFD;
			packageReferences = (
				1E029D3024A4492B00A81FFD /* XCRemoteSwiftPackageReference "ElegantPages" */,
			);
			productRefGroup = 1E029C7424A4448A00A81FFD /* Products */;
			projectDirPath = "";
			projectRoot = "";
			targets = (
				1E029C7224A4448A00A81FFD /* Example */,
			);
		};
/* End PBXProject section */

/* Begin PBXResourcesBuildPhase section */
		1E029C7124A4448A00A81FFD /* Resources */ = {
			isa = PBXResourcesBuildPhase;
			buildActionMask = 2147483647;
			files = (
				1E029C8324A4448A00A81FFD /* LaunchScreen.storyboard in Resources */,
				1E029C8024A4448A00A81FFD /* Preview Assets.xcassets in Resources */,
				1E029C7D24A4448A00A81FFD /* Assets.xcassets in Resources */,
				1EE7DDF824BD6064008BA2EC /* ElegantCalendar.xcassets in Resources */,
			);
			runOnlyForDeploymentPostprocessing = 0;
		};
/* End PBXResourcesBuildPhase section */

/* Begin PBXSourcesBuildPhase section */
		1E029C6F24A4448A00A81FFD /* Sources */ = {
			isa = PBXSourcesBuildPhase;
			buildActionMask = 2147483647;
			files = (
				1EE7C01D24BEA55B000573A2 /* Color+Custom.swift in Sources */,
				1E029CB424A4450200A81FFD /* ExampleMonthlyCalendarView.swift in Sources */,
				1EE7DDE024BD6054008BA2EC /* SmallMonthView.swift in Sources */,
				1EE7DDE624BD6054008BA2EC /* CalendarConfiguration.swift in Sources */,
				1E995AF424A552BA00F436BE /* Visit.swift in Sources */,
				1EE7DDE224BD6054008BA2EC /* SmallDayView.swift in Sources */,
				1E029C7724A4448A00A81FFD /* AppDelegate.swift in Sources */,
				1EE7C01724BE8720000573A2 /* Calendar+Buildable.swift in Sources */,
				1EE7DDDA24BD6054008BA2EC /* ElegantCalendarView.swift in Sources */,
				1EE7C01B24BEA4B3000573A2 /* ChangeThemeButton.swift in Sources */,
				1EE7DDEA24BD6054008BA2EC /* MonthlyCalendarManager.swift in Sources */,
				1EE7DDDC24BD6054008BA2EC /* MonthlyCalendarView.swift in Sources */,
				1EE7DDE924BD6054008BA2EC /* PagerState.swift in Sources */,
				1EE7DDF424BD6054008BA2EC /* Enumeration+Matching.swift in Sources */,
				1E995AF724A552BA00F436BE /* VisitCell.swift in Sources */,
				1EE7DDE124BD6054008BA2EC /* YearlyCalendarView.swift in Sources */,
				1EE7DDF624BD6054008BA2EC /* LightDarkThemePreview.swift in Sources */,
				1EE7DDDE24BD6054008BA2EC /* WeekView.swift in Sources */,
				1E029C7924A4448A00A81FFD /* SceneDelegate.swift in Sources */,
				1EE7DDEB24BD6054008BA2EC /* ElegantCalendarCommunicator.swift in Sources */,
				1E995AF624A552BA00F436BE /* VisitPreviewConstants.swift in Sources */,
				1EE7DDE424BD6054008BA2EC /* YearView.swift in Sources */,
				1E628BED24A451B900DDD18E /* ContentView.swift in Sources */,
				1EE7DDE824BD6054008BA2EC /* ElegantCalendarManager.swift in Sources */,
				1E995AF524A552BA00F436BE /* VisitsListView.swift in Sources */,
				1EE7DDDD24BD6054008BA2EC /* MonthView.swift in Sources */,
				1EE7DDF524BD6054008BA2EC /* Calender+Dates.swift in Sources */,
				1E628BEF24A4528D00DDD18E /* ExampleSelectionView.swift in Sources */,
				1EE7DDF124BD6054008BA2EC /* Image+Custom.swift in Sources */,
				1E628BF124A457C700DDD18E /* Date+FullDate.swift in Sources */,
				1EE7DDEF24BD6054008BA2EC /* Date+DaysFromToday.swift in Sources */,
				1EE7DDE324BD6054008BA2EC /* SmallWeekView.swift in Sources */,
				1EE7DDE724BD6054008BA2EC /* YearlyCalendarManager.swift in Sources */,
				1EE7DDED24BD6054008BA2EC /* ElegantCalendarDelegate.swift in Sources */,
				1E029CB324A4450200A81FFD /* ExampleCalendarView.swift in Sources */,
				1E029CB524A4450200A81FFD /* ExampleYearlyCalendarView.swift in Sources */,
				1EE7DDE524BD6054008BA2EC /* CalenderConstants.swift in Sources */,
				1EE7DDF324BD6054008BA2EC /* Color+CustomColors.swift in Sources */,
				1EE7DDDB24BD6054008BA2EC /* ScrollBackToTodayButton.swift in Sources */,
				1EE7DDF224BD6054008BA2EC /* Date+toString.swift in Sources */,
				1EE7C01924BE8EFD000573A2 /* EnvironmentKey+CalendarTheme.swift in Sources */,
				1EE7DDDF24BD6054008BA2EC /* DayView.swift in Sources */,
				1EE7DDF024BD6054008BA2EC /* UIImage+BundleInit.swift in Sources */,
				1EE7DDEC24BD6054008BA2EC /* ElegantCalendarDataSource.swift in Sources */,
				1EE7DDEE24BD6054008BA2EC /* UIImpactFeedbackGenerator+Haptic.swift in Sources */,
			);
			runOnlyForDeploymentPostprocessing = 0;
		};
/* End PBXSourcesBuildPhase section */

/* Begin PBXVariantGroup section */
		1E029C8124A4448A00A81FFD /* LaunchScreen.storyboard */ = {
			isa = PBXVariantGroup;
			children = (
				1E029C8224A4448A00A81FFD /* Base */,
			);
			name = LaunchScreen.storyboard;
			sourceTree = "<group>";
		};
/* End PBXVariantGroup section */

/* Begin XCBuildConfiguration section */
		1E029C8524A4448A00A81FFD /* Debug */ = {
			isa = XCBuildConfiguration;
			buildSettings = {
				ALWAYS_SEARCH_USER_PATHS = NO;
				CLANG_ANALYZER_NONNULL = YES;
				CLANG_ANALYZER_NUMBER_OBJECT_CONVERSION = YES_AGGRESSIVE;
				CLANG_CXX_LANGUAGE_STANDARD = "gnu++14";
				CLANG_CXX_LIBRARY = "libc++";
				CLANG_ENABLE_MODULES = YES;
				CLANG_ENABLE_OBJC_ARC = YES;
				CLANG_ENABLE_OBJC_WEAK = YES;
				CLANG_WARN_BLOCK_CAPTURE_AUTORELEASING = YES;
				CLANG_WARN_BOOL_CONVERSION = YES;
				CLANG_WARN_COMMA = YES;
				CLANG_WARN_CONSTANT_CONVERSION = YES;
				CLANG_WARN_DEPRECATED_OBJC_IMPLEMENTATIONS = YES;
				CLANG_WARN_DIRECT_OBJC_ISA_USAGE = YES_ERROR;
				CLANG_WARN_DOCUMENTATION_COMMENTS = YES;
				CLANG_WARN_EMPTY_BODY = YES;
				CLANG_WARN_ENUM_CONVERSION = YES;
				CLANG_WARN_INFINITE_RECURSION = YES;
				CLANG_WARN_INT_CONVERSION = YES;
				CLANG_WARN_NON_LITERAL_NULL_CONVERSION = YES;
				CLANG_WARN_OBJC_IMPLICIT_RETAIN_SELF = YES;
				CLANG_WARN_OBJC_LITERAL_CONVERSION = YES;
				CLANG_WARN_OBJC_ROOT_CLASS = YES_ERROR;
				CLANG_WARN_RANGE_LOOP_ANALYSIS = YES;
				CLANG_WARN_STRICT_PROTOTYPES = YES;
				CLANG_WARN_SUSPICIOUS_MOVE = YES;
				CLANG_WARN_UNGUARDED_AVAILABILITY = YES_AGGRESSIVE;
				CLANG_WARN_UNREACHABLE_CODE = YES;
				CLANG_WARN__DUPLICATE_METHOD_MATCH = YES;
				COPY_PHASE_STRIP = NO;
				DEBUG_INFORMATION_FORMAT = dwarf;
				ENABLE_STRICT_OBJC_MSGSEND = YES;
				ENABLE_TESTABILITY = YES;
				GCC_C_LANGUAGE_STANDARD = gnu11;
				GCC_DYNAMIC_NO_PIC = NO;
				GCC_NO_COMMON_BLOCKS = YES;
				GCC_OPTIMIZATION_LEVEL = 0;
				GCC_PREPROCESSOR_DEFINITIONS = (
					"DEBUG=1",
					"$(inherited)",
				);
				GCC_WARN_64_TO_32_BIT_CONVERSION = YES;
				GCC_WARN_ABOUT_RETURN_TYPE = YES_ERROR;
				GCC_WARN_UNDECLARED_SELECTOR = YES;
				GCC_WARN_UNINITIALIZED_AUTOS = YES_AGGRESSIVE;
				GCC_WARN_UNUSED_FUNCTION = YES;
				GCC_WARN_UNUSED_VARIABLE = YES;
				IPHONEOS_DEPLOYMENT_TARGET = 13.5;
				MTL_ENABLE_DEBUG_INFO = INCLUDE_SOURCE;
				MTL_FAST_MATH = YES;
				ONLY_ACTIVE_ARCH = YES;
				SDKROOT = iphoneos;
				SWIFT_ACTIVE_COMPILATION_CONDITIONS = DEBUG;
				SWIFT_OPTIMIZATION_LEVEL = "-Onone";
			};
			name = Debug;
		};
		1E029C8624A4448A00A81FFD /* Release */ = {
			isa = XCBuildConfiguration;
			buildSettings = {
				ALWAYS_SEARCH_USER_PATHS = NO;
				CLANG_ANALYZER_NONNULL = YES;
				CLANG_ANALYZER_NUMBER_OBJECT_CONVERSION = YES_AGGRESSIVE;
				CLANG_CXX_LANGUAGE_STANDARD = "gnu++14";
				CLANG_CXX_LIBRARY = "libc++";
				CLANG_ENABLE_MODULES = YES;
				CLANG_ENABLE_OBJC_ARC = YES;
				CLANG_ENABLE_OBJC_WEAK = YES;
				CLANG_WARN_BLOCK_CAPTURE_AUTORELEASING = YES;
				CLANG_WARN_BOOL_CONVERSION = YES;
				CLANG_WARN_COMMA = YES;
				CLANG_WARN_CONSTANT_CONVERSION = YES;
				CLANG_WARN_DEPRECATED_OBJC_IMPLEMENTATIONS = YES;
				CLANG_WARN_DIRECT_OBJC_ISA_USAGE = YES_ERROR;
				CLANG_WARN_DOCUMENTATION_COMMENTS = YES;
				CLANG_WARN_EMPTY_BODY = YES;
				CLANG_WARN_ENUM_CONVERSION = YES;
				CLANG_WARN_INFINITE_RECURSION = YES;
				CLANG_WARN_INT_CONVERSION = YES;
				CLANG_WARN_NON_LITERAL_NULL_CONVERSION = YES;
				CLANG_WARN_OBJC_IMPLICIT_RETAIN_SELF = YES;
				CLANG_WARN_OBJC_LITERAL_CONVERSION = YES;
				CLANG_WARN_OBJC_ROOT_CLASS = YES_ERROR;
				CLANG_WARN_RANGE_LOOP_ANALYSIS = YES;
				CLANG_WARN_STRICT_PROTOTYPES = YES;
				CLANG_WARN_SUSPICIOUS_MOVE = YES;
				CLANG_WARN_UNGUARDED_AVAILABILITY = YES_AGGRESSIVE;
				CLANG_WARN_UNREACHABLE_CODE = YES;
				CLANG_WARN__DUPLICATE_METHOD_MATCH = YES;
				COPY_PHASE_STRIP = NO;
				DEBUG_INFORMATION_FORMAT = "dwarf-with-dsym";
				ENABLE_NS_ASSERTIONS = NO;
				ENABLE_STRICT_OBJC_MSGSEND = YES;
				GCC_C_LANGUAGE_STANDARD = gnu11;
				GCC_NO_COMMON_BLOCKS = YES;
				GCC_WARN_64_TO_32_BIT_CONVERSION = YES;
				GCC_WARN_ABOUT_RETURN_TYPE = YES_ERROR;
				GCC_WARN_UNDECLARED_SELECTOR = YES;
				GCC_WARN_UNINITIALIZED_AUTOS = YES_AGGRESSIVE;
				GCC_WARN_UNUSED_FUNCTION = YES;
				GCC_WARN_UNUSED_VARIABLE = YES;
				IPHONEOS_DEPLOYMENT_TARGET = 13.5;
				MTL_ENABLE_DEBUG_INFO = NO;
				MTL_FAST_MATH = YES;
				SDKROOT = iphoneos;
				SWIFT_COMPILATION_MODE = wholemodule;
				SWIFT_OPTIMIZATION_LEVEL = "-O";
				VALIDATE_PRODUCT = YES;
			};
			name = Release;
		};
		1E029C8824A4448A00A81FFD /* Debug */ = {
			isa = XCBuildConfiguration;
			buildSettings = {
				ASSETCATALOG_COMPILER_APPICON_NAME = AppIcon;
				CODE_SIGN_STYLE = Automatic;
				DEVELOPMENT_ASSET_PATHS = "\"Example/Preview Content\"";
				DEVELOPMENT_TEAM = 75H2NCGMKS;
				ENABLE_PREVIEWS = YES;
				INFOPLIST_FILE = Example/Info.plist;
				LD_RUNPATH_SEARCH_PATHS = (
					"$(inherited)",
					"@executable_path/Frameworks",
				);
				PRODUCT_BUNDLE_IDENTIFIER = com.kevinli.Example;
				PRODUCT_NAME = "$(TARGET_NAME)";
				SWIFT_VERSION = 5.0;
				TARGETED_DEVICE_FAMILY = "1,2";
			};
			name = Debug;
		};
		1E029C8924A4448A00A81FFD /* Release */ = {
			isa = XCBuildConfiguration;
			buildSettings = {
				ASSETCATALOG_COMPILER_APPICON_NAME = AppIcon;
				CODE_SIGN_STYLE = Automatic;
				DEVELOPMENT_ASSET_PATHS = "\"Example/Preview Content\"";
				DEVELOPMENT_TEAM = 75H2NCGMKS;
				ENABLE_PREVIEWS = YES;
				INFOPLIST_FILE = Example/Info.plist;
				LD_RUNPATH_SEARCH_PATHS = (
					"$(inherited)",
					"@executable_path/Frameworks",
				);
				PRODUCT_BUNDLE_IDENTIFIER = com.kevinli.Example;
				PRODUCT_NAME = "$(TARGET_NAME)";
				SWIFT_VERSION = 5.0;
				TARGETED_DEVICE_FAMILY = "1,2";
			};
			name = Release;
		};
/* End XCBuildConfiguration section */

/* Begin XCConfigurationList section */
		1E029C6E24A4448A00A81FFD /* Build configuration list for PBXProject "Example" */ = {
			isa = XCConfigurationList;
			buildConfigurations = (
				1E029C8524A4448A00A81FFD /* Debug */,
				1E029C8624A4448A00A81FFD /* Release */,
			);
			defaultConfigurationIsVisible = 0;
			defaultConfigurationName = Release;
		};
		1E029C8724A4448A00A81FFD /* Build configuration list for PBXNativeTarget "Example" */ = {
			isa = XCConfigurationList;
			buildConfigurations = (
				1E029C8824A4448A00A81FFD /* Debug */,
				1E029C8924A4448A00A81FFD /* Release */,
			);
			defaultConfigurationIsVisible = 0;
			defaultConfigurationName = Release;
		};
/* End XCConfigurationList section */

/* Begin XCRemoteSwiftPackageReference section */
		1E029D3024A4492B00A81FFD /* XCRemoteSwiftPackageReference "ElegantPages" */ = {
			isa = XCRemoteSwiftPackageReference;
			repositoryURL = "https://github.com/ThasianX/ElegantPages";
			requirement = {
				branch = "custom-width";
				kind = branch;
			};
		};
/* End XCRemoteSwiftPackageReference section */

/* Begin XCSwiftPackageProductDependency section */
		1E029D3124A4492B00A81FFD /* ElegantPages */ = {
			isa = XCSwiftPackageProductDependency;
			package = 1E029D3024A4492B00A81FFD /* XCRemoteSwiftPackageReference "ElegantPages" */;
			productName = ElegantPages;
		};
/* End XCSwiftPackageProductDependency section */
	};
	rootObject = 1E029C6B24A4448A00A81FFD /* Project object */;
}
