// !$*UTF8*$!
{
	archiveVersion = 1;
	classes = {
	};
	objectVersion = 52;
	objects = {

/* Begin PBXBuildFile section */
		1E029C7724A4448A00A81FFD /* AppDelegate.swift in Sources */ = {isa = PBXBuildFile; fileRef = 1E029C7624A4448A00A81FFD /* AppDelegate.swift */; };
		1E029C7924A4448A00A81FFD /* SceneDelegate.swift in Sources */ = {isa = PBXBuildFile; fileRef = 1E029C7824A4448A00A81FFD /* SceneDelegate.swift */; };
		1E029C7D24A4448A00A81FFD /* Assets.xcassets in Resources */ = {isa = PBXBuildFile; fileRef = 1E029C7C24A4448A00A81FFD /* Assets.xcassets */; };
		1E029C8024A4448A00A81FFD /* Preview Assets.xcassets in Resources */ = {isa = PBXBuildFile; fileRef = 1E029C7F24A4448A00A81FFD /* Preview Assets.xcassets */; };
		1E029C8324A4448A00A81FFD /* LaunchScreen.storyboard in Resources */ = {isa = PBXBuildFile; fileRef = 1E029C8124A4448A00A81FFD /* LaunchScreen.storyboard */; };
		1E029CB324A4450200A81FFD /* ExampleCalendarView.swift in Sources */ = {isa = PBXBuildFile; fileRef = 1E029CB024A4450200A81FFD /* ExampleCalendarView.swift */; };
		1E029CB424A4450200A81FFD /* ExampleMonthlyCalendarView.swift in Sources */ = {isa = PBXBuildFile; fileRef = 1E029CB124A4450200A81FFD /* ExampleMonthlyCalendarView.swift */; };
		1E029CB524A4450200A81FFD /* ExampleYearlyCalendarView.swift in Sources */ = {isa = PBXBuildFile; fileRef = 1E029CB224A4450200A81FFD /* ExampleYearlyCalendarView.swift */; };
		1E161AF724D5F46200CA2B7F /* Date+Additions.swift in Sources */ = {isa = PBXBuildFile; fileRef = 1E161AF624D5F46200CA2B7F /* Date+Additions.swift */; };
		1E161AFA24D5F47D00CA2B7F /* ElegantCalendar in Frameworks */ = {isa = PBXBuildFile; productRef = 1E161AF924D5F47D00CA2B7F /* ElegantCalendar */; };
		1E161AFC24D5F51000CA2B7F /* LightDarkThemePreview.swift in Sources */ = {isa = PBXBuildFile; fileRef = 1E161AFB24D5F51000CA2B7F /* LightDarkThemePreview.swift */; };
		1E161AFE24D5F59500CA2B7F /* ElegantCalendar.xcassets in Resources */ = {isa = PBXBuildFile; fileRef = 1E161AFD24D5F59500CA2B7F /* ElegantCalendar.xcassets */; };
		1E628BED24A451B900DDD18E /* ContentView.swift in Sources */ = {isa = PBXBuildFile; fileRef = 1E628BEC24A451B900DDD18E /* ContentView.swift */; };
		1E628BEF24A4528D00DDD18E /* ExampleSelectionView.swift in Sources */ = {isa = PBXBuildFile; fileRef = 1E628BEE24A4528D00DDD18E /* ExampleSelectionView.swift */; };
		1E995AF424A552BA00F436BE /* Visit.swift in Sources */ = {isa = PBXBuildFile; fileRef = 1E995AF024A552BA00F436BE /* Visit.swift */; };
		1E995AF524A552BA00F436BE /* VisitsListView.swift in Sources */ = {isa = PBXBuildFile; fileRef = 1E995AF124A552BA00F436BE /* VisitsListView.swift */; };
		1E995AF624A552BA00F436BE /* VisitPreviewConstants.swift in Sources */ = {isa = PBXBuildFile; fileRef = 1E995AF224A552BA00F436BE /* VisitPreviewConstants.swift */; };
		1E995AF724A552BA00F436BE /* VisitCell.swift in Sources */ = {isa = PBXBuildFile; fileRef = 1E995AF324A552BA00F436BE /* VisitCell.swift */; };
		1EE7C01B24BEA4B3000573A2 /* ChangeThemeButton.swift in Sources */ = {isa = PBXBuildFile; fileRef = 1EE7C01A24BEA4B3000573A2 /* ChangeThemeButton.swift */; };
		1EE7C01D24BEA55B000573A2 /* Color+Custom.swift in Sources */ = {isa = PBXBuildFile; fileRef = 1EE7C01C24BEA55B000573A2 /* Color+Custom.swift */; };
/* End PBXBuildFile section */

/* Begin PBXFileReference section */
		1E029C7324A4448A00A81FFD /* Example.app */ = {isa = PBXFileReference; explicitFileType = wrapper.application; includeInIndex = 0; path = Example.app; sourceTree = BUILT_PRODUCTS_DIR; };
		1E029C7624A4448A00A81FFD /* AppDelegate.swift */ = {isa = PBXFileReference; lastKnownFileType = sourcecode.swift; path = AppDelegate.swift; sourceTree = "<group>"; };
		1E029C7824A4448A00A81FFD /* SceneDelegate.swift */ = {isa = PBXFileReference; lastKnownFileType = sourcecode.swift; path = SceneDelegate.swift; sourceTree = "<group>"; };
		1E029C7C24A4448A00A81FFD /* Assets.xcassets */ = {isa = PBXFileReference; lastKnownFileType = folder.assetcatalog; path = Assets.xcassets; sourceTree = "<group>"; };
		1E029C7F24A4448A00A81FFD /* Preview Assets.xcassets */ = {isa = PBXFileReference; lastKnownFileType = folder.assetcatalog; path = "Preview Assets.xcassets"; sourceTree = "<group>"; };
		1E029C8224A4448A00A81FFD /* Base */ = {isa = PBXFileReference; lastKnownFileType = file.storyboard; name = Base; path = Base.lproj/LaunchScreen.storyboard; sourceTree = "<group>"; };
		1E029C8424A4448A00A81FFD /* Info.plist */ = {isa = PBXFileReference; lastKnownFileType = text.plist.xml; path = Info.plist; sourceTree = "<group>"; };
		1E029CB024A4450200A81FFD /* ExampleCalendarView.swift */ = {isa = PBXFileReference; fileEncoding = 4; lastKnownFileType = sourcecode.swift; path = ExampleCalendarView.swift; sourceTree = "<group>"; };
		1E029CB124A4450200A81FFD /* ExampleMonthlyCalendarView.swift */ = {isa = PBXFileReference; fileEncoding = 4; lastKnownFileType = sourcecode.swift; path = ExampleMonthlyCalendarView.swift; sourceTree = "<group>"; };
		1E029CB224A4450200A81FFD /* ExampleYearlyCalendarView.swift */ = {isa = PBXFileReference; fileEncoding = 4; lastKnownFileType = sourcecode.swift; path = ExampleYearlyCalendarView.swift; sourceTree = "<group>"; };
		1E161AF524D5F43C00CA2B7F /* ElegantCalendar */ = {isa = PBXFileReference; lastKnownFileType = folder; name = ElegantCalendar; path = ../..; sourceTree = "<group>"; };
		1E161AF624D5F46200CA2B7F /* Date+Additions.swift */ = {isa = PBXFileReference; lastKnownFileType = sourcecode.swift; path = "Date+Additions.swift"; sourceTree = "<group>"; };
		1E161AFB24D5F51000CA2B7F /* LightDarkThemePreview.swift */ = {isa = PBXFileReference; lastKnownFileType = sourcecode.swift; path = LightDarkThemePreview.swift; sourceTree = "<group>"; };
		1E161AFD24D5F59500CA2B7F /* ElegantCalendar.xcassets */ = {isa = PBXFileReference; lastKnownFileType = folder.assetcatalog; name = ElegantCalendar.xcassets; path = ../ElegantCalendar.xcassets; sourceTree = "<group>"; };
		1E628BEC24A451B900DDD18E /* ContentView.swift */ = {isa = PBXFileReference; lastKnownFileType = sourcecode.swift; path = ContentView.swift; sourceTree = "<group>"; };
		1E628BEE24A4528D00DDD18E /* ExampleSelectionView.swift */ = {isa = PBXFileReference; lastKnownFileType = sourcecode.swift; path = ExampleSelectionView.swift; sourceTree = "<group>"; };
		1E995AF024A552BA00F436BE /* Visit.swift */ = {isa = PBXFileReference; fileEncoding = 4; lastKnownFileType = sourcecode.swift; path = Visit.swift; sourceTree = "<group>"; };
		1E995AF124A552BA00F436BE /* VisitsListView.swift */ = {isa = PBXFileReference; fileEncoding = 4; lastKnownFileType = sourcecode.swift; path = VisitsListView.swift; sourceTree = "<group>"; };
		1E995AF224A552BA00F436BE /* VisitPreviewConstants.swift */ = {isa = PBXFileReference; fileEncoding = 4; lastKnownFileType = sourcecode.swift; path = VisitPreviewConstants.swift; sourceTree = "<group>"; };
		1E995AF324A552BA00F436BE /* VisitCell.swift */ = {isa = PBXFileReference; fileEncoding = 4; lastKnownFileType = sourcecode.swift; path = VisitCell.swift; sourceTree = "<group>"; };
		1EE7C01A24BEA4B3000573A2 /* ChangeThemeButton.swift */ = {isa = PBXFileReference; lastKnownFileType = sourcecode.swift; path = ChangeThemeButton.swift; sourceTree = "<group>"; };
		1EE7C01C24BEA55B000573A2 /* Color+Custom.swift */ = {isa = PBXFileReference; lastKnownFileType = sourcecode.swift; path = "Color+Custom.swift"; sourceTree = "<group>"; };
/* End PBXFileReference section */

/* Begin PBXFrameworksBuildPhase section */
		1E029C7024A4448A00A81FFD /* Frameworks */ = {
			isa = PBXFrameworksBuildPhase;
			buildActionMask = 2147483647;
			files = (
				1E161AFA24D5F47D00CA2B7F /* ElegantCalendar in Frameworks */,
			);
			runOnlyForDeploymentPostprocessing = 0;
		};
/* End PBXFrameworksBuildPhase section */

/* Begin PBXGroup section */
		1E029C6A24A4448A00A81FFD = {
			isa = PBXGroup;
			children = (
				1E161AFD24D5F59500CA2B7F /* ElegantCalendar.xcassets */,
				1E029C7524A4448A00A81FFD /* Example */,
				1E029C7424A4448A00A81FFD /* Products */,
				1E161AF824D5F47D00CA2B7F /* Frameworks */,
			);
			sourceTree = "<group>";
		};
		1E029C7424A4448A00A81FFD /* Products */ = {
			isa = PBXGroup;
			children = (
				1E029C7324A4448A00A81FFD /* Example.app */,
			);
			name = Products;
			sourceTree = "<group>";
		};
		1E029C7524A4448A00A81FFD /* Example */ = {
			isa = PBXGroup;
			children = (
				1E029C7624A4448A00A81FFD /* AppDelegate.swift */,
				1E029C7824A4448A00A81FFD /* SceneDelegate.swift */,
				1E628BEC24A451B900DDD18E /* ContentView.swift */,
				1E029D3624A44CBC00A81FFD /* Individual Views */,
				1E029D3724A44CF700A81FFD /* Calendar with Accessory View */,
				1E029D3524A44CA700A81FFD /* Selection and Exit */,
				1E029D3824A44D2D00A81FFD /* Shared */,
				1E029C7C24A4448A00A81FFD /* Assets.xcassets */,
				1E029C8124A4448A00A81FFD /* LaunchScreen.storyboard */,
				1E029C8424A4448A00A81FFD /* Info.plist */,
				1E161AF524D5F43C00CA2B7F /* ElegantCalendar */,
				1E029C7E24A4448A00A81FFD /* Preview Content */,
			);
			path = Example;
			sourceTree = "<group>";
		};
		1E029C7E24A4448A00A81FFD /* Preview Content */ = {
			isa = PBXGroup;
			children = (
				1E029C7F24A4448A00A81FFD /* Preview Assets.xcassets */,
			);
			path = "Preview Content";
			sourceTree = "<group>";
		};
		1E029D3524A44CA700A81FFD /* Selection and Exit */ = {
			isa = PBXGroup;
			children = (
				1E628BEE24A4528D00DDD18E /* ExampleSelectionView.swift */,
			);
			path = "Selection and Exit";
			sourceTree = "<group>";
		};
		1E029D3624A44CBC00A81FFD /* Individual Views */ = {
			isa = PBXGroup;
			children = (
				1E029CB124A4450200A81FFD /* ExampleMonthlyCalendarView.swift */,
				1E029CB224A4450200A81FFD /* ExampleYearlyCalendarView.swift */,
			);
			path = "Individual Views";
			sourceTree = "<group>";
		};
		1E029D3724A44CF700A81FFD /* Calendar with Accessory View */ = {
			isa = PBXGroup;
			children = (
				1E029CB024A4450200A81FFD /* ExampleCalendarView.swift */,
				1E995AF024A552BA00F436BE /* Visit.swift */,
				1E995AF324A552BA00F436BE /* VisitCell.swift */,
				1E995AF224A552BA00F436BE /* VisitPreviewConstants.swift */,
				1E995AF124A552BA00F436BE /* VisitsListView.swift */,
			);
			path = "Calendar with Accessory View";
			sourceTree = "<group>";
		};
		1E029D3824A44D2D00A81FFD /* Shared */ = {
			isa = PBXGroup;
			children = (
				1EE7C01A24BEA4B3000573A2 /* ChangeThemeButton.swift */,
				1EE7C01C24BEA55B000573A2 /* Color+Custom.swift */,
				1E161AF624D5F46200CA2B7F /* Date+Additions.swift */,
				1E161AFB24D5F51000CA2B7F /* LightDarkThemePreview.swift */,
			);
			path = Shared;
			sourceTree = "<group>";
		};
		1E161AF824D5F47D00CA2B7F /* Frameworks */ = {
			isa = PBXGroup;
			children = (
			);
			name = Frameworks;
			sourceTree = "<group>";
		};
/* End PBXGroup section */

/* Begin PBXNativeTarget section */
		1E029C7224A4448A00A81FFD /* Example */ = {
			isa = PBXNativeTarget;
			buildConfigurationList = 1E029C8724A4448A00A81FFD /* Build configuration list for PBXNativeTarget "Example" */;
			buildPhases = (
				1E029C6F24A4448A00A81FFD /* Sources */,
				1E029C7024A4448A00A81FFD /* Frameworks */,
				1E029C7124A4448A00A81FFD /* Resources */,
			);
			buildRules = (
			);
			dependencies = (
			);
			name = Example;
			packageProductDependencies = (
				1E161AF924D5F47D00CA2B7F /* ElegantCalendar */,
			);
			productName = Example;
			productReference = 1E029C7324A4448A00A81FFD /* Example.app */;
			productType = "com.apple.product-type.application";
		};
/* End PBXNativeTarget section */

/* Begin PBXProject section */
		1E029C6B24A4448A00A81FFD /* Project object */ = {
			isa = PBXProject;
			attributes = {
				LastSwiftUpdateCheck = 1150;
				LastUpgradeCheck = 1150;
				ORGANIZATIONNAME = "Kevin Li";
				TargetAttributes = {
					1E029C7224A4448A00A81FFD = {
						CreatedOnToolsVersion = 11.5;
					};
				};
			};
			buildConfigurationList = 1E029C6E24A4448A00A81FFD /* Build configuration list for PBXProject "Example" */;
			compatibilityVersion = "Xcode 9.3";
			developmentRegion = en;
			hasScannedForEncodings = 0;
			knownRegions = (
				en,
				Base,
			);
			mainGroup = 1E029C6A24A4448A00A81FFD;
			packageReferences = (
			);
			productRefGroup = 1E029C7424A4448A00A81FFD /* Products */;
			projectDirPath = "";
			projectRoot = "";
			targets = (
				1E029C7224A4448A00A81FFD /* Example */,
			);
		};
/* End PBXProject section */

/* Begin PBXResourcesBuildPhase section */
		1E029C7124A4448A00A81FFD /* Resources */ = {
			isa = PBXResourcesBuildPhase;
			buildActionMask = 2147483647;
			files = (
				1E029C8324A4448A00A81FFD /* LaunchScreen.storyboard in Resources */,
				1E029C8024A4448A00A81FFD /* Preview Assets.xcassets in Resources */,
				1E029C7D24A4448A00A81FFD /* Assets.xcassets in Resources */,
				1E161AFE24D5F59500CA2B7F /* ElegantCalendar.xcassets in Resources */,
			);
			runOnlyForDeploymentPostprocessing = 0;
		};
/* End PBXResourcesBuildPhase section */

/* Begin PBXSourcesBuildPhase section */
		1E029C6F24A4448A00A81FFD /* Sources */ = {
			isa = PBXSourcesBuildPhase;
			buildActionMask = 2147483647;
			files = (
				1EE7C01D24BEA55B000573A2 /* Color+Custom.swift in Sources */,
				1E029CB424A4450200A81FFD /* ExampleMonthlyCalendarView.swift in Sources */,
				1E995AF424A552BA00F436BE /* Visit.swift in Sources */,
				1E029C7724A4448A00A81FFD /* AppDelegate.swift in Sources */,
				1EE7C01B24BEA4B3000573A2 /* ChangeThemeButton.swift in Sources */,
				1E161AFC24D5F51000CA2B7F /* LightDarkThemePreview.swift in Sources */,
				1E995AF724A552BA00F436BE /* VisitCell.swift in Sources */,
				1E029C7924A4448A00A81FFD /* SceneDelegate.swift in Sources */,
				1E995AF624A552BA00F436BE /* VisitPreviewConstants.swift in Sources */,
				1E628BED24A451B900DDD18E /* ContentView.swift in Sources */,
				1E161AF724D5F46200CA2B7F /* Date+Additions.swift in Sources */,
				1E995AF524A552BA00F436BE /* VisitsListView.swift in Sources */,
				1E628BEF24A4528D00DDD18E /* ExampleSelectionView.swift in Sources */,
				1E029CB324A4450200A81FFD /* ExampleCalendarView.swift in Sources */,
				1E029CB524A4450200A81FFD /* ExampleYearlyCalendarView.swift in Sources */,
			);
			runOnlyForDeploymentPostprocessing = 0;
		};
/* End PBXSourcesBuildPhase section */

/* Begin PBXVariantGroup section */
		1E029C8124A4448A00A81FFD /* LaunchScreen.storyboard */ = {
			isa = PBXVariantGroup;
			children = (
				1E029C8224A4448A00A81FFD /* Base */,
			);
			name = LaunchScreen.storyboard;
			sourceTree = "<group>";
		};
/* End PBXVariantGroup section */

/* Begin XCBuildConfiguration section */
		1E029C8524A4448A00A81FFD /* Debug */ = {
			isa = XCBuildConfiguration;
			buildSettings = {
				ALWAYS_SEARCH_USER_PATHS = NO;
				CLANG_ANALYZER_NONNULL = YES;
				CLANG_ANALYZER_NUMBER_OBJECT_CONVERSION = YES_AGGRESSIVE;
				CLANG_CXX_LANGUAGE_STANDARD = "gnu++14";
				CLANG_CXX_LIBRARY = "libc++";
				CLANG_ENABLE_MODULES = YES;
				CLANG_ENABLE_OBJC_ARC = YES;
				CLANG_ENABLE_OBJC_WEAK = YES;
				CLANG_WARN_BLOCK_CAPTURE_AUTORELEASING = YES;
				CLANG_WARN_BOOL_CONVERSION = YES;
				CLANG_WARN_COMMA = YES;
				CLANG_WARN_CONSTANT_CONVERSION = YES;
				CLANG_WARN_DEPRECATED_OBJC_IMPLEMENTATIONS = YES;
				CLANG_WARN_DIRECT_OBJC_ISA_USAGE = YES_ERROR;
				CLANG_WARN_DOCUMENTATION_COMMENTS = YES;
				CLANG_WARN_EMPTY_BODY = YES;
				CLANG_WARN_ENUM_CONVERSION = YES;
				CLANG_WARN_INFINITE_RECURSION = YES;
				CLANG_WARN_INT_CONVERSION = YES;
				CLANG_WARN_NON_LITERAL_NULL_CONVERSION = YES;
				CLANG_WARN_OBJC_IMPLICIT_RETAIN_SELF = YES;
				CLANG_WARN_OBJC_LITERAL_CONVERSION = YES;
				CLANG_WARN_OBJC_ROOT_CLASS = YES_ERROR;
				CLANG_WARN_RANGE_LOOP_ANALYSIS = YES;
				CLANG_WARN_STRICT_PROTOTYPES = YES;
				CLANG_WARN_SUSPICIOUS_MOVE = YES;
				CLANG_WARN_UNGUARDED_AVAILABILITY = YES_AGGRESSIVE;
				CLANG_WARN_UNREACHABLE_CODE = YES;
				CLANG_WARN__DUPLICATE_METHOD_MATCH = YES;
				COPY_PHASE_STRIP = NO;
				DEBUG_INFORMATION_FORMAT = dwarf;
				ENABLE_STRICT_OBJC_MSGSEND = YES;
				ENABLE_TESTABILITY = YES;
				GCC_C_LANGUAGE_STANDARD = gnu11;
				GCC_DYNAMIC_NO_PIC = NO;
				GCC_NO_COMMON_BLOCKS = YES;
				GCC_OPTIMIZATION_LEVEL = 0;
				GCC_PREPROCESSOR_DEFINITIONS = (
					"DEBUG=1",
					"$(inherited)",
				);
				GCC_WARN_64_TO_32_BIT_CONVERSION = YES;
				GCC_WARN_ABOUT_RETURN_TYPE = YES_ERROR;
				GCC_WARN_UNDECLARED_SELECTOR = YES;
				GCC_WARN_UNINITIALIZED_AUTOS = YES_AGGRESSIVE;
				GCC_WARN_UNUSED_FUNCTION = YES;
				GCC_WARN_UNUSED_VARIABLE = YES;
				IPHONEOS_DEPLOYMENT_TARGET = 13.5;
				MTL_ENABLE_DEBUG_INFO = INCLUDE_SOURCE;
				MTL_FAST_MATH = YES;
				ONLY_ACTIVE_ARCH = YES;
				SDKROOT = iphoneos;
				SWIFT_ACTIVE_COMPILATION_CONDITIONS = DEBUG;
				SWIFT_OPTIMIZATION_LEVEL = "-Onone";
			};
			name = Debug;
		};
		1E029C8624A4448A00A81FFD /* Release */ = {
			isa = XCBuildConfiguration;
			buildSettings = {
				ALWAYS_SEARCH_USER_PATHS = NO;
				CLANG_ANALYZER_NONNULL = YES;
				CLANG_ANALYZER_NUMBER_OBJECT_CONVERSION = YES_AGGRESSIVE;
				CLANG_CXX_LANGUAGE_STANDARD = "gnu++14";
				CLANG_CXX_LIBRARY = "libc++";
				CLANG_ENABLE_MODULES = YES;
				CLANG_ENABLE_OBJC_ARC = YES;
				CLANG_ENABLE_OBJC_WEAK = YES;
				CLANG_WARN_BLOCK_CAPTURE_AUTORELEASING = YES;
				CLANG_WARN_BOOL_CONVERSION = YES;
				CLANG_WARN_COMMA = YES;
				CLANG_WARN_CONSTANT_CONVERSION = YES;
				CLANG_WARN_DEPRECATED_OBJC_IMPLEMENTATIONS = YES;
				CLANG_WARN_DIRECT_OBJC_ISA_USAGE = YES_ERROR;
				CLANG_WARN_DOCUMENTATION_COMMENTS = YES;
				CLANG_WARN_EMPTY_BODY = YES;
				CLANG_WARN_ENUM_CONVERSION = YES;
				CLANG_WARN_INFINITE_RECURSION = YES;
				CLANG_WARN_INT_CONVERSION = YES;
				CLANG_WARN_NON_LITERAL_NULL_CONVERSION = YES;
				CLANG_WARN_OBJC_IMPLICIT_RETAIN_SELF = YES;
				CLANG_WARN_OBJC_LITERAL_CONVERSION = YES;
				CLANG_WARN_OBJC_ROOT_CLASS = YES_ERROR;
				CLANG_WARN_RANGE_LOOP_ANALYSIS = YES;
				CLANG_WARN_STRICT_PROTOTYPES = YES;
				CLANG_WARN_SUSPICIOUS_MOVE = YES;
				CLANG_WARN_UNGUARDED_AVAILABILITY = YES_AGGRESSIVE;
				CLANG_WARN_UNREACHABLE_CODE = YES;
				CLANG_WARN__DUPLICATE_METHOD_MATCH = YES;
				COPY_PHASE_STRIP = NO;
				DEBUG_INFORMATION_FORMAT = "dwarf-with-dsym";
				ENABLE_NS_ASSERTIONS = NO;
				ENABLE_STRICT_OBJC_MSGSEND = YES;
				GCC_C_LANGUAGE_STANDARD = gnu11;
				GCC_NO_COMMON_BLOCKS = YES;
				GCC_WARN_64_TO_32_BIT_CONVERSION = YES;
				GCC_WARN_ABOUT_RETURN_TYPE = YES_ERROR;
				GCC_WARN_UNDECLARED_SELECTOR = YES;
				GCC_WARN_UNINITIALIZED_AUTOS = YES_AGGRESSIVE;
				GCC_WARN_UNUSED_FUNCTION = YES;
				GCC_WARN_UNUSED_VARIABLE = YES;
				IPHONEOS_DEPLOYMENT_TARGET = 13.5;
				MTL_ENABLE_DEBUG_INFO = NO;
				MTL_FAST_MATH = YES;
				SDKROOT = iphoneos;
				SWIFT_COMPILATION_MODE = wholemodule;
				SWIFT_OPTIMIZATION_LEVEL = "-O";
				VALIDATE_PRODUCT = YES;
			};
			name = Release;
		};
		1E029C8824A4448A00A81FFD /* Debug */ = {
			isa = XCBuildConfiguration;
			buildSettings = {
				ASSETCATALOG_COMPILER_APPICON_NAME = AppIcon;
				CODE_SIGN_STYLE = Automatic;
				DEVELOPMENT_ASSET_PATHS = "\"Example/Preview Content\"";
				DEVELOPMENT_TEAM = 75H2NCGMKS;
				ENABLE_PREVIEWS = YES;
				INFOPLIST_FILE = Example/Info.plist;
				IPHONEOS_DEPLOYMENT_TARGET = 13.0;
				LD_RUNPATH_SEARCH_PATHS = (
					"$(inherited)",
					"@executable_path/Frameworks",
				);
				PRODUCT_BUNDLE_IDENTIFIER = com.kevinli.Example;
				PRODUCT_NAME = "$(TARGET_NAME)";
				SWIFT_VERSION = 5.0;
				TARGETED_DEVICE_FAMILY = "1,2";
			};
			name = Debug;
		};
		1E029C8924A4448A00A81FFD /* Release */ = {
			isa = XCBuildConfiguration;
			buildSettings = {
				ASSETCATALOG_COMPILER_APPICON_NAME = AppIcon;
				CODE_SIGN_STYLE = Automatic;
				DEVELOPMENT_ASSET_PATHS = "\"Example/Preview Content\"";
				DEVELOPMENT_TEAM = 75H2NCGMKS;
				ENABLE_PREVIEWS = YES;
				INFOPLIST_FILE = Example/Info.plist;
				IPHONEOS_DEPLOYMENT_TARGET = 13.0;
				LD_RUNPATH_SEARCH_PATHS = (
					"$(inherited)",
					"@executable_path/Frameworks",
				);
				PRODUCT_BUNDLE_IDENTIFIER = com.kevinli.Example;
				PRODUCT_NAME = "$(TARGET_NAME)";
				SWIFT_VERSION = 5.0;
				TARGETED_DEVICE_FAMILY = "1,2";
			};
			name = Release;
		};
/* End XCBuildConfiguration section */

/* Begin XCConfigurationList section */
		1E029C6E24A4448A00A81FFD /* Build configuration list for PBXProject "Example" */ = {
			isa = XCConfigurationList;
			buildConfigurations = (
				1E029C8524A4448A00A81FFD /* Debug */,
				1E029C8624A4448A00A81FFD /* Release */,
			);
			defaultConfigurationIsVisible = 0;
			defaultConfigurationName = Release;
		};
		1E029C8724A4448A00A81FFD /* Build configuration list for PBXNativeTarget "Example" */ = {
			isa = XCConfigurationList;
			buildConfigurations = (
				1E029C8824A4448A00A81FFD /* Debug */,
				1E029C8924A4448A00A81FFD /* Release */,
			);
			defaultConfigurationIsVisible = 0;
			defaultConfigurationName = Release;
		};
/* End XCConfigurationList section */

/* Begin XCSwiftPackageProductDependency section */
		1E161AF924D5F47D00CA2B7F /* ElegantCalendar */ = {
			isa = XCSwiftPackageProductDependency;
			productName = ElegantCalendar;
		};
/* End XCSwiftPackageProductDependency section */
	};
	rootObject = 1E029C6B24A4448A00A81FFD /* Project object */;
}
