// !$*UTF8*$!
{
	archiveVersion = 1;
	classes = {
	};
	objectVersion = 52;
	objects = {

/* Begin PBXBuildFile section */
		1E1829F92491B163006A55A3 /* ElegantCalendarManager.swift in Sources */ = {isa = PBXBuildFile; fileRef = 1E1829F82491B163006A55A3 /* ElegantCalendarManager.swift */; };
		1E1829FB2491CE53006A55A3 /* Calender+Dates.swift in Sources */ = {isa = PBXBuildFile; fileRef = 1E1829FA2491CE53006A55A3 /* Calender+Dates.swift */; };
		1E1829FD2491D2E0006A55A3 /* CalenderManagerGroups.swift in Sources */ = {isa = PBXBuildFile; fileRef = 1E1829FC2491D2E0006A55A3 /* CalenderManagerGroups.swift */; };
		1E35EA22248D62D4003C584D /* CalenderConstants.swift in Sources */ = {isa = PBXBuildFile; fileRef = 1E35EA21248D62D4003C584D /* CalenderConstants.swift */; };
		1E35EA26248D674C003C584D /* DarkThemePreview.swift in Sources */ = {isa = PBXBuildFile; fileRef = 1E35EA25248D674C003C584D /* DarkThemePreview.swift */; };
		1E35EA29248D70FD003C584D /* Introspect in Frameworks */ = {isa = PBXBuildFile; productRef = 1E35EA28248D70FD003C584D /* Introspect */; };
		1E35EA2B248D7126003C584D /* CalendarScrollTracker.swift in Sources */ = {isa = PBXBuildFile; fileRef = 1E35EA2A248D7126003C584D /* CalendarScrollTracker.swift */; };
		1E40D947248C7823005ECA82 /* ElegantCalendarView.swift in Sources */ = {isa = PBXBuildFile; fileRef = 1E40D946248C7823005ECA82 /* ElegantCalendarView.swift */; };
		1E40D94B248C7A00005ECA82 /* Color+CustomColors.swift in Sources */ = {isa = PBXBuildFile; fileRef = 1E40D94A248C7A00005ECA82 /* Color+CustomColors.swift */; };
		1E71D77E248C83DD003A3B0B /* Date+toString.swift in Sources */ = {isa = PBXBuildFile; fileRef = 1E71D77D248C83DC003A3B0B /* Date+toString.swift */; };
		1E71D782248CB7F2003A3B0B /* CalendarConfiguration.swift in Sources */ = {isa = PBXBuildFile; fileRef = 1E71D781248CB7F2003A3B0B /* CalendarConfiguration.swift */; };
		1E71D784248CB85E003A3B0B /* MonthView.swift in Sources */ = {isa = PBXBuildFile; fileRef = 1E71D783248CB85E003A3B0B /* MonthView.swift */; };
		1E71D786248CB8A9003A3B0B /* WeekView.swift in Sources */ = {isa = PBXBuildFile; fileRef = 1E71D785248CB8A9003A3B0B /* WeekView.swift */; };
		1E71D78A248CC0F3003A3B0B /* DayView.swift in Sources */ = {isa = PBXBuildFile; fileRef = 1E71D789248CC0F3003A3B0B /* DayView.swift */; };
		1E744D9724956F7400C8B7E0 /* Visit.swift in Sources */ = {isa = PBXBuildFile; fileRef = 1E744D9624956F7400C8B7E0 /* Visit.swift */; };
		1E744D992495747E00C8B7E0 /* Date+DaysFromToday.swift in Sources */ = {isa = PBXBuildFile; fileRef = 1E744D982495747E00C8B7E0 /* Date+DaysFromToday.swift */; };
		1E744D9B2495755E00C8B7E0 /* Enumeration+Matching.swift in Sources */ = {isa = PBXBuildFile; fileRef = 1E744D9A2495755E00C8B7E0 /* Enumeration+Matching.swift */; };
		1E7B3C542496EF1E00A2907D /* ExampleYearlyCalendarView.swift in Sources */ = {isa = PBXBuildFile; fileRef = 1E7B3C532496EF1E00A2907D /* ExampleYearlyCalendarView.swift */; };
		1E7B3C562496F5FC00A2907D /* ElegantCalendarDataSource.swift in Sources */ = {isa = PBXBuildFile; fileRef = 1E7B3C552496F5FC00A2907D /* ElegantCalendarDataSource.swift */; };
		1E7B3C582496F60C00A2907D /* ElegantCalendarDelegate.swift in Sources */ = {isa = PBXBuildFile; fileRef = 1E7B3C572496F60C00A2907D /* ElegantCalendarDelegate.swift */; };
		1E7B3C5A2496F62400A2907D /* YearlyCalendarManager.swift in Sources */ = {isa = PBXBuildFile; fileRef = 1E7B3C592496F62400A2907D /* YearlyCalendarManager.swift */; };
		1E7B3C5C2496F65100A2907D /* MonthlyCalendarManager.swift in Sources */ = {isa = PBXBuildFile; fileRef = 1E7B3C5B2496F65100A2907D /* MonthlyCalendarManager.swift */; };
		1E84A5012495920600401180 /* VisitsListView.swift in Sources */ = {isa = PBXBuildFile; fileRef = 1E84A5002495920600401180 /* VisitsListView.swift */; };
		1E84A5042495993000401180 /* VisitCell.swift in Sources */ = {isa = PBXBuildFile; fileRef = 1E84A5032495993000401180 /* VisitCell.swift */; };
		1E912CFE2495ABE100AFCD4C /* View+Erased.swift in Sources */ = {isa = PBXBuildFile; fileRef = 1E912CFD2495ABE100AFCD4C /* View+Erased.swift */; };
		1E912D002495AF8A00AFCD4C /* VisitPreviewConstants.swift in Sources */ = {isa = PBXBuildFile; fileRef = 1E912CFF2495AF8A00AFCD4C /* VisitPreviewConstants.swift */; };
		1EC3BC9E248C749C0052C61B /* AppDelegate.swift in Sources */ = {isa = PBXBuildFile; fileRef = 1EC3BC9D248C749C0052C61B /* AppDelegate.swift */; };
		1EC3BCA0248C749C0052C61B /* SceneDelegate.swift in Sources */ = {isa = PBXBuildFile; fileRef = 1EC3BC9F248C749C0052C61B /* SceneDelegate.swift */; };
		1EC3BCA4248C749D0052C61B /* Assets.xcassets in Resources */ = {isa = PBXBuildFile; fileRef = 1EC3BCA3248C749D0052C61B /* Assets.xcassets */; };
		1EC3BCA7248C749D0052C61B /* Preview Assets.xcassets in Resources */ = {isa = PBXBuildFile; fileRef = 1EC3BCA6248C749D0052C61B /* Preview Assets.xcassets */; };
		1EC3BCAA248C749D0052C61B /* LaunchScreen.storyboard in Resources */ = {isa = PBXBuildFile; fileRef = 1EC3BCA8248C749D0052C61B /* LaunchScreen.storyboard */; };
		1ED241A1249556D90007A3F2 /* ExampleCalendarView.swift in Sources */ = {isa = PBXBuildFile; fileRef = 1ED241A0249556D90007A3F2 /* ExampleCalendarView.swift */; };
		1EDC9A7F2495BB3D00A78BFA /* YearView.swift in Sources */ = {isa = PBXBuildFile; fileRef = 1EDC9A7E2495BB3D00A78BFA /* YearView.swift */; };
		1EDC9A832495BFFC00A78BFA /* SmallMonthView.swift in Sources */ = {isa = PBXBuildFile; fileRef = 1EDC9A822495BFFC00A78BFA /* SmallMonthView.swift */; };
		1EDC9A852495C06400A78BFA /* SmallWeekView.swift in Sources */ = {isa = PBXBuildFile; fileRef = 1EDC9A842495C06400A78BFA /* SmallWeekView.swift */; };
		1EDC9A872495C0AB00A78BFA /* SmallDayView.swift in Sources */ = {isa = PBXBuildFile; fileRef = 1EDC9A862495C0AB00A78BFA /* SmallDayView.swift */; };
		1EDC9A892495C37100A78BFA /* UITableView+Pagination.swift in Sources */ = {isa = PBXBuildFile; fileRef = 1EDC9A882495C37100A78BFA /* UITableView+Pagination.swift */; };
		1EEA69302495DD8600189398 /* YearlyCalendarView.swift in Sources */ = {isa = PBXBuildFile; fileRef = 1EEA692F2495DD8600189398 /* YearlyCalendarView.swift */; };
		1EEA69322496CD9000189398 /* MonthlyCalendarView.swift in Sources */ = {isa = PBXBuildFile; fileRef = 1EEA69312496CD9000189398 /* MonthlyCalendarView.swift */; };
/* End PBXBuildFile section */

/* Begin PBXFileReference section */
		1E1829F82491B163006A55A3 /* ElegantCalendarManager.swift */ = {isa = PBXFileReference; lastKnownFileType = sourcecode.swift; path = ElegantCalendarManager.swift; sourceTree = "<group>"; };
		1E1829FA2491CE53006A55A3 /* Calender+Dates.swift */ = {isa = PBXFileReference; lastKnownFileType = sourcecode.swift; path = "Calender+Dates.swift"; sourceTree = "<group>"; };
		1E1829FC2491D2E0006A55A3 /* CalenderManagerGroups.swift */ = {isa = PBXFileReference; lastKnownFileType = sourcecode.swift; path = CalenderManagerGroups.swift; sourceTree = "<group>"; };
		1E35EA21248D62D4003C584D /* CalenderConstants.swift */ = {isa = PBXFileReference; lastKnownFileType = sourcecode.swift; path = CalenderConstants.swift; sourceTree = "<group>"; };
		1E35EA25248D674C003C584D /* DarkThemePreview.swift */ = {isa = PBXFileReference; lastKnownFileType = sourcecode.swift; path = DarkThemePreview.swift; sourceTree = "<group>"; };
		1E35EA2A248D7126003C584D /* CalendarScrollTracker.swift */ = {isa = PBXFileReference; lastKnownFileType = sourcecode.swift; path = CalendarScrollTracker.swift; sourceTree = "<group>"; };
		1E40D946248C7823005ECA82 /* ElegantCalendarView.swift */ = {isa = PBXFileReference; lastKnownFileType = sourcecode.swift; path = ElegantCalendarView.swift; sourceTree = "<group>"; };
		1E40D94A248C7A00005ECA82 /* Color+CustomColors.swift */ = {isa = PBXFileReference; fileEncoding = 4; lastKnownFileType = sourcecode.swift; path = "Color+CustomColors.swift"; sourceTree = "<group>"; };
		1E71D77D248C83DC003A3B0B /* Date+toString.swift */ = {isa = PBXFileReference; lastKnownFileType = sourcecode.swift; path = "Date+toString.swift"; sourceTree = "<group>"; };
		1E71D781248CB7F2003A3B0B /* CalendarConfiguration.swift */ = {isa = PBXFileReference; lastKnownFileType = sourcecode.swift; path = CalendarConfiguration.swift; sourceTree = "<group>"; };
		1E71D783248CB85E003A3B0B /* MonthView.swift */ = {isa = PBXFileReference; lastKnownFileType = sourcecode.swift; path = MonthView.swift; sourceTree = "<group>"; };
		1E71D785248CB8A9003A3B0B /* WeekView.swift */ = {isa = PBXFileReference; lastKnownFileType = sourcecode.swift; path = WeekView.swift; sourceTree = "<group>"; };
		1E71D789248CC0F3003A3B0B /* DayView.swift */ = {isa = PBXFileReference; lastKnownFileType = sourcecode.swift; path = DayView.swift; sourceTree = "<group>"; };
		1E744D9624956F7400C8B7E0 /* Visit.swift */ = {isa = PBXFileReference; lastKnownFileType = sourcecode.swift; path = Visit.swift; sourceTree = "<group>"; };
		1E744D982495747E00C8B7E0 /* Date+DaysFromToday.swift */ = {isa = PBXFileReference; lastKnownFileType = sourcecode.swift; path = "Date+DaysFromToday.swift"; sourceTree = "<group>"; };
		1E744D9A2495755E00C8B7E0 /* Enumeration+Matching.swift */ = {isa = PBXFileReference; lastKnownFileType = sourcecode.swift; path = "Enumeration+Matching.swift"; sourceTree = "<group>"; };
		1E7B3C532496EF1E00A2907D /* ExampleYearlyCalendarView.swift */ = {isa = PBXFileReference; lastKnownFileType = sourcecode.swift; path = ExampleYearlyCalendarView.swift; sourceTree = "<group>"; };
		1E7B3C552496F5FC00A2907D /* ElegantCalendarDataSource.swift */ = {isa = PBXFileReference; lastKnownFileType = sourcecode.swift; path = ElegantCalendarDataSource.swift; sourceTree = "<group>"; };
		1E7B3C572496F60C00A2907D /* ElegantCalendarDelegate.swift */ = {isa = PBXFileReference; lastKnownFileType = sourcecode.swift; path = ElegantCalendarDelegate.swift; sourceTree = "<group>"; };
		1E7B3C592496F62400A2907D /* YearlyCalendarManager.swift */ = {isa = PBXFileReference; lastKnownFileType = sourcecode.swift; path = YearlyCalendarManager.swift; sourceTree = "<group>"; };
		1E7B3C5B2496F65100A2907D /* MonthlyCalendarManager.swift */ = {isa = PBXFileReference; lastKnownFileType = sourcecode.swift; path = MonthlyCalendarManager.swift; sourceTree = "<group>"; };
		1E84A5002495920600401180 /* VisitsListView.swift */ = {isa = PBXFileReference; lastKnownFileType = sourcecode.swift; path = VisitsListView.swift; sourceTree = "<group>"; };
		1E84A5032495993000401180 /* VisitCell.swift */ = {isa = PBXFileReference; lastKnownFileType = sourcecode.swift; path = VisitCell.swift; sourceTree = "<group>"; };
		1E912CFD2495ABE100AFCD4C /* View+Erased.swift */ = {isa = PBXFileReference; lastKnownFileType = sourcecode.swift; path = "View+Erased.swift"; sourceTree = "<group>"; };
		1E912CFF2495AF8A00AFCD4C /* VisitPreviewConstants.swift */ = {isa = PBXFileReference; lastKnownFileType = sourcecode.swift; path = VisitPreviewConstants.swift; sourceTree = "<group>"; };
		1EC3BC9A248C749C0052C61B /* CalendarViewSwiftUI.app */ = {isa = PBXFileReference; explicitFileType = wrapper.application; includeInIndex = 0; path = CalendarViewSwiftUI.app; sourceTree = BUILT_PRODUCTS_DIR; };
		1EC3BC9D248C749C0052C61B /* AppDelegate.swift */ = {isa = PBXFileReference; lastKnownFileType = sourcecode.swift; path = AppDelegate.swift; sourceTree = "<group>"; };
		1EC3BC9F248C749C0052C61B /* SceneDelegate.swift */ = {isa = PBXFileReference; lastKnownFileType = sourcecode.swift; path = SceneDelegate.swift; sourceTree = "<group>"; };
		1EC3BCA3248C749D0052C61B /* Assets.xcassets */ = {isa = PBXFileReference; lastKnownFileType = folder.assetcatalog; path = Assets.xcassets; sourceTree = "<group>"; };
		1EC3BCA6248C749D0052C61B /* Preview Assets.xcassets */ = {isa = PBXFileReference; lastKnownFileType = folder.assetcatalog; path = "Preview Assets.xcassets"; sourceTree = "<group>"; };
		1EC3BCA9248C749D0052C61B /* Base */ = {isa = PBXFileReference; lastKnownFileType = file.storyboard; name = Base; path = Base.lproj/LaunchScreen.storyboard; sourceTree = "<group>"; };
		1EC3BCAB248C749D0052C61B /* Info.plist */ = {isa = PBXFileReference; lastKnownFileType = text.plist.xml; path = Info.plist; sourceTree = "<group>"; };
		1ED241A0249556D90007A3F2 /* ExampleCalendarView.swift */ = {isa = PBXFileReference; lastKnownFileType = sourcecode.swift; path = ExampleCalendarView.swift; sourceTree = "<group>"; };
		1EDC9A7E2495BB3D00A78BFA /* YearView.swift */ = {isa = PBXFileReference; lastKnownFileType = sourcecode.swift; path = YearView.swift; sourceTree = "<group>"; };
		1EDC9A822495BFFC00A78BFA /* SmallMonthView.swift */ = {isa = PBXFileReference; lastKnownFileType = sourcecode.swift; path = SmallMonthView.swift; sourceTree = "<group>"; };
		1EDC9A842495C06400A78BFA /* SmallWeekView.swift */ = {isa = PBXFileReference; lastKnownFileType = sourcecode.swift; path = SmallWeekView.swift; sourceTree = "<group>"; };
		1EDC9A862495C0AB00A78BFA /* SmallDayView.swift */ = {isa = PBXFileReference; lastKnownFileType = sourcecode.swift; path = SmallDayView.swift; sourceTree = "<group>"; };
		1EDC9A882495C37100A78BFA /* UITableView+Pagination.swift */ = {isa = PBXFileReference; lastKnownFileType = sourcecode.swift; path = "UITableView+Pagination.swift"; sourceTree = "<group>"; };
		1EEA692F2495DD8600189398 /* YearlyCalendarView.swift */ = {isa = PBXFileReference; lastKnownFileType = sourcecode.swift; path = YearlyCalendarView.swift; sourceTree = "<group>"; };
		1EEA69312496CD9000189398 /* MonthlyCalendarView.swift */ = {isa = PBXFileReference; lastKnownFileType = sourcecode.swift; path = MonthlyCalendarView.swift; sourceTree = "<group>"; };
/* End PBXFileReference section */

/* Begin PBXFrameworksBuildPhase section */
		1EC3BC97248C749C0052C61B /* Frameworks */ = {
			isa = PBXFrameworksBuildPhase;
			buildActionMask = 2147483647;
			files = (
				1E35EA29248D70FD003C584D /* Introspect in Frameworks */,
			);
			runOnlyForDeploymentPostprocessing = 0;
		};
/* End PBXFrameworksBuildPhase section */

/* Begin PBXGroup section */
		1E1829FE2491D2F2006A55A3 /* Previews */ = {
			isa = PBXGroup;
			children = (
				1E1829FC2491D2E0006A55A3 /* CalenderManagerGroups.swift */,
				1E35EA25248D674C003C584D /* DarkThemePreview.swift */,
			);
			path = Previews;
			sourceTree = "<group>";
		};
		1E1829FF2491D2FA006A55A3 /* Extensions */ = {
			isa = PBXGroup;
			children = (
				1E1829FA2491CE53006A55A3 /* Calender+Dates.swift */,
				1E40D94A248C7A00005ECA82 /* Color+CustomColors.swift */,
				1E744D982495747E00C8B7E0 /* Date+DaysFromToday.swift */,
				1E71D77D248C83DC003A3B0B /* Date+toString.swift */,
				1E744D9A2495755E00C8B7E0 /* Enumeration+Matching.swift */,
				1E912CFD2495ABE100AFCD4C /* View+Erased.swift */,
				1EDC9A882495C37100A78BFA /* UITableView+Pagination.swift */,
			);
			path = Extensions;
			sourceTree = "<group>";
		};
		1E182A002491D30D006A55A3 /* Models */ = {
			isa = PBXGroup;
			children = (
				1E71D781248CB7F2003A3B0B /* CalendarConfiguration.swift */,
				1E35EA21248D62D4003C584D /* CalenderConstants.swift */,
				1E7B3C5D2496F70500A2907D /* ObservableObjects */,
				1E7B3C5E2496F71A00A2907D /* Protocols */,
			);
			path = Models;
			sourceTree = "<group>";
		};
		1E35EA23248D6406003C584D /* Views */ = {
			isa = PBXGroup;
			children = (
				1E40D946248C7823005ECA82 /* ElegantCalendarView.swift */,
				1EDC9A802495BFD100A78BFA /* Regular */,
				1EDC9A812495BFE100A78BFA /* Small */,
			);
			path = Views;
			sourceTree = "<group>";
		};
		1E35EA24248D643D003C584D /* Helpers */ = {
			isa = PBXGroup;
			children = (
				1E1829FF2491D2FA006A55A3 /* Extensions */,
				1E182A002491D30D006A55A3 /* Models */,
				1E1829FE2491D2F2006A55A3 /* Previews */,
			);
			path = Helpers;
			sourceTree = "<group>";
		};
		1E7B3C5D2496F70500A2907D /* ObservableObjects */ = {
			isa = PBXGroup;
			children = (
				1E35EA2A248D7126003C584D /* CalendarScrollTracker.swift */,
				1E1829F82491B163006A55A3 /* ElegantCalendarManager.swift */,
				1E7B3C5B2496F65100A2907D /* MonthlyCalendarManager.swift */,
				1E7B3C592496F62400A2907D /* YearlyCalendarManager.swift */,
			);
			path = ObservableObjects;
			sourceTree = "<group>";
		};
		1E7B3C5E2496F71A00A2907D /* Protocols */ = {
			isa = PBXGroup;
			children = (
				1E7B3C552496F5FC00A2907D /* ElegantCalendarDataSource.swift */,
				1E7B3C572496F60C00A2907D /* ElegantCalendarDelegate.swift */,
			);
			path = Protocols;
			sourceTree = "<group>";
		};
		1E84A5022495991800401180 /* Example */ = {
			isa = PBXGroup;
			children = (
				1ED241A0249556D90007A3F2 /* ExampleCalendarView.swift */,
				1E84A5002495920600401180 /* VisitsListView.swift */,
				1E84A5032495993000401180 /* VisitCell.swift */,
				1E744D9624956F7400C8B7E0 /* Visit.swift */,
				1E912CFF2495AF8A00AFCD4C /* VisitPreviewConstants.swift */,
				1E7B3C532496EF1E00A2907D /* ExampleYearlyCalendarView.swift */,
			);
			path = Example;
			sourceTree = "<group>";
		};
		1EC3BC91248C749C0052C61B = {
			isa = PBXGroup;
			children = (
				1EC3BC9C248C749C0052C61B /* CalendarView */,
				1EC3BC9B248C749C0052C61B /* Products */,
			);
			sourceTree = "<group>";
		};
		1EC3BC9B248C749C0052C61B /* Products */ = {
			isa = PBXGroup;
			children = (
				1EC3BC9A248C749C0052C61B /* CalendarViewSwiftUI.app */,
			);
			name = Products;
			sourceTree = "<group>";
		};
		1EC3BC9C248C749C0052C61B /* CalendarView */ = {
			isa = PBXGroup;
			children = (
				1EC3BC9D248C749C0052C61B /* AppDelegate.swift */,
				1EC3BC9F248C749C0052C61B /* SceneDelegate.swift */,
				1E84A5022495991800401180 /* Example */,
				1E35EA23248D6406003C584D /* Views */,
				1E35EA24248D643D003C584D /* Helpers */,
				1EC3BCA3248C749D0052C61B /* Assets.xcassets */,
				1EC3BCA8248C749D0052C61B /* LaunchScreen.storyboard */,
				1EC3BCAB248C749D0052C61B /* Info.plist */,
				1EC3BCA5248C749D0052C61B /* Preview Content */,
			);
			path = CalendarView;
			sourceTree = "<group>";
		};
		1EC3BCA5248C749D0052C61B /* Preview Content */ = {
			isa = PBXGroup;
			children = (
				1EC3BCA6248C749D0052C61B /* Preview Assets.xcassets */,
			);
			path = "Preview Content";
			sourceTree = "<group>";
		};
		1EDC9A802495BFD100A78BFA /* Regular */ = {
			isa = PBXGroup;
			children = (
				1EEA69312496CD9000189398 /* MonthlyCalendarView.swift */,
				1E71D783248CB85E003A3B0B /* MonthView.swift */,
				1E71D785248CB8A9003A3B0B /* WeekView.swift */,
				1E71D789248CC0F3003A3B0B /* DayView.swift */,
			);
			path = Regular;
			sourceTree = "<group>";
		};
		1EDC9A812495BFE100A78BFA /* Small */ = {
			isa = PBXGroup;
			children = (
				1EEA692F2495DD8600189398 /* YearlyCalendarView.swift */,
				1EDC9A7E2495BB3D00A78BFA /* YearView.swift */,
				1EDC9A822495BFFC00A78BFA /* SmallMonthView.swift */,
				1EDC9A842495C06400A78BFA /* SmallWeekView.swift */,
				1EDC9A862495C0AB00A78BFA /* SmallDayView.swift */,
			);
			path = Small;
			sourceTree = "<group>";
		};
/* End PBXGroup section */

/* Begin PBXNativeTarget section */
		1EC3BC99248C749C0052C61B /* CalendarView */ = {
			isa = PBXNativeTarget;
			buildConfigurationList = 1EC3BCAE248C749D0052C61B /* Build configuration list for PBXNativeTarget "CalendarView" */;
			buildPhases = (
				1EC3BC96248C749C0052C61B /* Sources */,
				1EC3BC97248C749C0052C61B /* Frameworks */,
				1EC3BC98248C749C0052C61B /* Resources */,
			);
			buildRules = (
			);
			dependencies = (
			);
			name = CalendarView;
			packageProductDependencies = (
				1E35EA28248D70FD003C584D /* Introspect */,
			);
			productName = CalendarView;
			productReference = 1EC3BC9A248C749C0052C61B /* CalendarViewSwiftUI.app */;
			productType = "com.apple.product-type.application";
		};
/* End PBXNativeTarget section */

/* Begin PBXProject section */
		1EC3BC92248C749C0052C61B /* Project object */ = {
			isa = PBXProject;
			attributes = {
				LastSwiftUpdateCheck = 1150;
				LastUpgradeCheck = 1150;
				ORGANIZATIONNAME = "Kevin Li";
				TargetAttributes = {
					1EC3BC99248C749C0052C61B = {
						CreatedOnToolsVersion = 11.5;
					};
				};
			};
			buildConfigurationList = 1EC3BC95248C749C0052C61B /* Build configuration list for PBXProject "CalendarView" */;
			compatibilityVersion = "Xcode 9.3";
			developmentRegion = en;
			hasScannedForEncodings = 0;
			knownRegions = (
				en,
				Base,
			);
			mainGroup = 1EC3BC91248C749C0052C61B;
			packageReferences = (
				1E35EA27248D70FD003C584D /* XCRemoteSwiftPackageReference "SwiftUI-Introspect" */,
			);
			productRefGroup = 1EC3BC9B248C749C0052C61B /* Products */;
			projectDirPath = "";
			projectRoot = "";
			targets = (
				1EC3BC99248C749C0052C61B /* CalendarView */,
			);
		};
/* End PBXProject section */

/* Begin PBXResourcesBuildPhase section */
		1EC3BC98248C749C0052C61B /* Resources */ = {
			isa = PBXResourcesBuildPhase;
			buildActionMask = 2147483647;
			files = (
				1EC3BCAA248C749D0052C61B /* LaunchScreen.storyboard in Resources */,
				1EC3BCA7248C749D0052C61B /* Preview Assets.xcassets in Resources */,
				1EC3BCA4248C749D0052C61B /* Assets.xcassets in Resources */,
			);
			runOnlyForDeploymentPostprocessing = 0;
		};
/* End PBXResourcesBuildPhase section */

/* Begin PBXSourcesBuildPhase section */
		1EC3BC96248C749C0052C61B /* Sources */ = {
			isa = PBXSourcesBuildPhase;
			buildActionMask = 2147483647;
			files = (
				1E71D782248CB7F2003A3B0B /* CalendarConfiguration.swift in Sources */,
				1EDC9A892495C37100A78BFA /* UITableView+Pagination.swift in Sources */,
				1E71D78A248CC0F3003A3B0B /* DayView.swift in Sources */,
				1E71D77E248C83DD003A3B0B /* Date+toString.swift in Sources */,
				1E744D9724956F7400C8B7E0 /* Visit.swift in Sources */,
				1EC3BC9E248C749C0052C61B /* AppDelegate.swift in Sources */,
				1EDC9A872495C0AB00A78BFA /* SmallDayView.swift in Sources */,
				1E7B3C5C2496F65100A2907D /* MonthlyCalendarManager.swift in Sources */,
				1EC3BCA0248C749C0052C61B /* SceneDelegate.swift in Sources */,
				1EDC9A832495BFFC00A78BFA /* SmallMonthView.swift in Sources */,
				1E7B3C5A2496F62400A2907D /* YearlyCalendarManager.swift in Sources */,
				1E744D992495747E00C8B7E0 /* Date+DaysFromToday.swift in Sources */,
				1ED241A1249556D90007A3F2 /* ExampleCalendarView.swift in Sources */,
				1E40D947248C7823005ECA82 /* ElegantCalendarView.swift in Sources */,
				1EDC9A852495C06400A78BFA /* SmallWeekView.swift in Sources */,
				1E71D786248CB8A9003A3B0B /* WeekView.swift in Sources */,
				1E912D002495AF8A00AFCD4C /* VisitPreviewConstants.swift in Sources */,
				1E35EA2B248D7126003C584D /* CalendarScrollTracker.swift in Sources */,
				1E7B3C542496EF1E00A2907D /* ExampleYearlyCalendarView.swift in Sources */,
				1E35EA26248D674C003C584D /* DarkThemePreview.swift in Sources */,
				1EDC9A7F2495BB3D00A78BFA /* YearView.swift in Sources */,
				1E84A5012495920600401180 /* VisitsListView.swift in Sources */,
				1EEA69302495DD8600189398 /* YearlyCalendarView.swift in Sources */,
				1E1829FB2491CE53006A55A3 /* Calender+Dates.swift in Sources */,
				1E912CFE2495ABE100AFCD4C /* View+Erased.swift in Sources */,
				1E71D784248CB85E003A3B0B /* MonthView.swift in Sources */,
				1E35EA22248D62D4003C584D /* CalenderConstants.swift in Sources */,
				1E40D94B248C7A00005ECA82 /* Color+CustomColors.swift in Sources */,
				1E7B3C582496F60C00A2907D /* ElegantCalendarDelegate.swift in Sources */,
				1E1829F92491B163006A55A3 /* ElegantCalendarManager.swift in Sources */,
				1EEA69322496CD9000189398 /* MonthlyCalendarView.swift in Sources */,
				1E744D9B2495755E00C8B7E0 /* Enumeration+Matching.swift in Sources */,
				1E84A5042495993000401180 /* VisitCell.swift in Sources */,
				1E1829FD2491D2E0006A55A3 /* CalenderManagerGroups.swift in Sources */,
				1E7B3C562496F5FC00A2907D /* ElegantCalendarDataSource.swift in Sources */,
			);
			runOnlyForDeploymentPostprocessing = 0;
		};
/* End PBXSourcesBuildPhase section */

/* Begin PBXVariantGroup section */
		1EC3BCA8248C749D0052C61B /* LaunchScreen.storyboard */ = {
			isa = PBXVariantGroup;
			children = (
				1EC3BCA9248C749D0052C61B /* Base */,
			);
			name = LaunchScreen.storyboard;
			sourceTree = "<group>";
		};
/* End PBXVariantGroup section */

/* Begin XCBuildConfiguration section */
		1EC3BCAC248C749D0052C61B /* Debug */ = {
			isa = XCBuildConfiguration;
			buildSettings = {
				ALWAYS_SEARCH_USER_PATHS = NO;
				CLANG_ANALYZER_NONNULL = YES;
				CLANG_ANALYZER_NUMBER_OBJECT_CONVERSION = YES_AGGRESSIVE;
				CLANG_CXX_LANGUAGE_STANDARD = "gnu++14";
				CLANG_CXX_LIBRARY = "libc++";
				CLANG_ENABLE_MODULES = YES;
				CLANG_ENABLE_OBJC_ARC = YES;
				CLANG_ENABLE_OBJC_WEAK = YES;
				CLANG_WARN_BLOCK_CAPTURE_AUTORELEASING = YES;
				CLANG_WARN_BOOL_CONVERSION = YES;
				CLANG_WARN_COMMA = YES;
				CLANG_WARN_CONSTANT_CONVERSION = YES;
				CLANG_WARN_DEPRECATED_OBJC_IMPLEMENTATIONS = YES;
				CLANG_WARN_DIRECT_OBJC_ISA_USAGE = YES_ERROR;
				CLANG_WARN_DOCUMENTATION_COMMENTS = YES;
				CLANG_WARN_EMPTY_BODY = YES;
				CLANG_WARN_ENUM_CONVERSION = YES;
				CLANG_WARN_INFINITE_RECURSION = YES;
				CLANG_WARN_INT_CONVERSION = YES;
				CLANG_WARN_NON_LITERAL_NULL_CONVERSION = YES;
				CLANG_WARN_OBJC_IMPLICIT_RETAIN_SELF = YES;
				CLANG_WARN_OBJC_LITERAL_CONVERSION = YES;
				CLANG_WARN_OBJC_ROOT_CLASS = YES_ERROR;
				CLANG_WARN_RANGE_LOOP_ANALYSIS = YES;
				CLANG_WARN_STRICT_PROTOTYPES = YES;
				CLANG_WARN_SUSPICIOUS_MOVE = YES;
				CLANG_WARN_UNGUARDED_AVAILABILITY = YES_AGGRESSIVE;
				CLANG_WARN_UNREACHABLE_CODE = YES;
				CLANG_WARN__DUPLICATE_METHOD_MATCH = YES;
				COPY_PHASE_STRIP = NO;
				DEBUG_INFORMATION_FORMAT = dwarf;
				ENABLE_STRICT_OBJC_MSGSEND = YES;
				ENABLE_TESTABILITY = YES;
				GCC_C_LANGUAGE_STANDARD = gnu11;
				GCC_DYNAMIC_NO_PIC = NO;
				GCC_NO_COMMON_BLOCKS = YES;
				GCC_OPTIMIZATION_LEVEL = 0;
				GCC_PREPROCESSOR_DEFINITIONS = (
					"DEBUG=1",
					"$(inherited)",
				);
				GCC_WARN_64_TO_32_BIT_CONVERSION = YES;
				GCC_WARN_ABOUT_RETURN_TYPE = YES_ERROR;
				GCC_WARN_UNDECLARED_SELECTOR = YES;
				GCC_WARN_UNINITIALIZED_AUTOS = YES_AGGRESSIVE;
				GCC_WARN_UNUSED_FUNCTION = YES;
				GCC_WARN_UNUSED_VARIABLE = YES;
				IPHONEOS_DEPLOYMENT_TARGET = 13.5;
				MTL_ENABLE_DEBUG_INFO = INCLUDE_SOURCE;
				MTL_FAST_MATH = YES;
				ONLY_ACTIVE_ARCH = YES;
				SDKROOT = iphoneos;
				SWIFT_ACTIVE_COMPILATION_CONDITIONS = DEBUG;
				SWIFT_OPTIMIZATION_LEVEL = "-Onone";
			};
			name = Debug;
		};
		1EC3BCAD248C749D0052C61B /* Release */ = {
			isa = XCBuildConfiguration;
			buildSettings = {
				ALWAYS_SEARCH_USER_PATHS = NO;
				CLANG_ANALYZER_NONNULL = YES;
				CLANG_ANALYZER_NUMBER_OBJECT_CONVERSION = YES_AGGRESSIVE;
				CLANG_CXX_LANGUAGE_STANDARD = "gnu++14";
				CLANG_CXX_LIBRARY = "libc++";
				CLANG_ENABLE_MODULES = YES;
				CLANG_ENABLE_OBJC_ARC = YES;
				CLANG_ENABLE_OBJC_WEAK = YES;
				CLANG_WARN_BLOCK_CAPTURE_AUTORELEASING = YES;
				CLANG_WARN_BOOL_CONVERSION = YES;
				CLANG_WARN_COMMA = YES;
				CLANG_WARN_CONSTANT_CONVERSION = YES;
				CLANG_WARN_DEPRECATED_OBJC_IMPLEMENTATIONS = YES;
				CLANG_WARN_DIRECT_OBJC_ISA_USAGE = YES_ERROR;
				CLANG_WARN_DOCUMENTATION_COMMENTS = YES;
				CLANG_WARN_EMPTY_BODY = YES;
				CLANG_WARN_ENUM_CONVERSION = YES;
				CLANG_WARN_INFINITE_RECURSION = YES;
				CLANG_WARN_INT_CONVERSION = YES;
				CLANG_WARN_NON_LITERAL_NULL_CONVERSION = YES;
				CLANG_WARN_OBJC_IMPLICIT_RETAIN_SELF = YES;
				CLANG_WARN_OBJC_LITERAL_CONVERSION = YES;
				CLANG_WARN_OBJC_ROOT_CLASS = YES_ERROR;
				CLANG_WARN_RANGE_LOOP_ANALYSIS = YES;
				CLANG_WARN_STRICT_PROTOTYPES = YES;
				CLANG_WARN_SUSPICIOUS_MOVE = YES;
				CLANG_WARN_UNGUARDED_AVAILABILITY = YES_AGGRESSIVE;
				CLANG_WARN_UNREACHABLE_CODE = YES;
				CLANG_WARN__DUPLICATE_METHOD_MATCH = YES;
				COPY_PHASE_STRIP = NO;
				DEBUG_INFORMATION_FORMAT = "dwarf-with-dsym";
				ENABLE_NS_ASSERTIONS = NO;
				ENABLE_STRICT_OBJC_MSGSEND = YES;
				GCC_C_LANGUAGE_STANDARD = gnu11;
				GCC_NO_COMMON_BLOCKS = YES;
				GCC_WARN_64_TO_32_BIT_CONVERSION = YES;
				GCC_WARN_ABOUT_RETURN_TYPE = YES_ERROR;
				GCC_WARN_UNDECLARED_SELECTOR = YES;
				GCC_WARN_UNINITIALIZED_AUTOS = YES_AGGRESSIVE;
				GCC_WARN_UNUSED_FUNCTION = YES;
				GCC_WARN_UNUSED_VARIABLE = YES;
				IPHONEOS_DEPLOYMENT_TARGET = 13.5;
				MTL_ENABLE_DEBUG_INFO = NO;
				MTL_FAST_MATH = YES;
				SDKROOT = iphoneos;
				SWIFT_COMPILATION_MODE = wholemodule;
				SWIFT_OPTIMIZATION_LEVEL = "-O";
				VALIDATE_PRODUCT = YES;
			};
			name = Release;
		};
		1EC3BCAF248C749D0052C61B /* Debug */ = {
			isa = XCBuildConfiguration;
			buildSettings = {
				ASSETCATALOG_COMPILER_APPICON_NAME = AppIcon;
				CODE_SIGN_STYLE = Automatic;
				DEVELOPMENT_ASSET_PATHS = "\"CalendarView/Preview Content\"";
				DEVELOPMENT_TEAM = 75H2NCGMKS;
				ENABLE_PREVIEWS = YES;
				INFOPLIST_FILE = CalendarView/Info.plist;
				IPHONEOS_DEPLOYMENT_TARGET = 13.0;
				LD_RUNPATH_SEARCH_PATHS = (
					"$(inherited)",
					"@executable_path/Frameworks",
				);
				PRODUCT_BUNDLE_IDENTIFIER = com.kevinli.CalendarView;
				PRODUCT_NAME = CalendarViewSwiftUI;
				SWIFT_VERSION = 5.0;
				TARGETED_DEVICE_FAMILY = "1,2";
			};
			name = Debug;
		};
		1EC3BCB0248C749D0052C61B /* Release */ = {
			isa = XCBuildConfiguration;
			buildSettings = {
				ASSETCATALOG_COMPILER_APPICON_NAME = AppIcon;
				CODE_SIGN_STYLE = Automatic;
				DEVELOPMENT_ASSET_PATHS = "\"CalendarView/Preview Content\"";
				DEVELOPMENT_TEAM = 75H2NCGMKS;
				ENABLE_PREVIEWS = YES;
				INFOPLIST_FILE = CalendarView/Info.plist;
				IPHONEOS_DEPLOYMENT_TARGET = 13.0;
				LD_RUNPATH_SEARCH_PATHS = (
					"$(inherited)",
					"@executable_path/Frameworks",
				);
				PRODUCT_BUNDLE_IDENTIFIER = com.kevinli.CalendarView;
				PRODUCT_NAME = CalendarViewSwiftUI;
				SWIFT_VERSION = 5.0;
				TARGETED_DEVICE_FAMILY = "1,2";
			};
			name = Release;
		};
/* End XCBuildConfiguration section */

/* Begin XCConfigurationList section */
		1EC3BC95248C749C0052C61B /* Build configuration list for PBXProject "CalendarView" */ = {
			isa = XCConfigurationList;
			buildConfigurations = (
				1EC3BCAC248C749D0052C61B /* Debug */,
				1EC3BCAD248C749D0052C61B /* Release */,
			);
			defaultConfigurationIsVisible = 0;
			defaultConfigurationName = Release;
		};
		1EC3BCAE248C749D0052C61B /* Build configuration list for PBXNativeTarget "CalendarView" */ = {
			isa = XCConfigurationList;
			buildConfigurations = (
				1EC3BCAF248C749D0052C61B /* Debug */,
				1EC3BCB0248C749D0052C61B /* Release */,
			);
			defaultConfigurationIsVisible = 0;
			defaultConfigurationName = Release;
		};
/* End XCConfigurationList section */

/* Begin XCRemoteSwiftPackageReference section */
		1E35EA27248D70FD003C584D /* XCRemoteSwiftPackageReference "SwiftUI-Introspect" */ = {
			isa = XCRemoteSwiftPackageReference;
			repositoryURL = "https://github.com/siteline/SwiftUI-Introspect";
			requirement = {
				kind = upToNextMajorVersion;
				minimumVersion = 0.1.0;
			};
		};
/* End XCRemoteSwiftPackageReference section */

/* Begin XCSwiftPackageProductDependency section */
		1E35EA28248D70FD003C584D /* Introspect */ = {
			isa = XCSwiftPackageProductDependency;
			package = 1E35EA27248D70FD003C584D /* XCRemoteSwiftPackageReference "SwiftUI-Introspect" */;
			productName = Introspect;
		};
/* End XCSwiftPackageProductDependency section */
	};
	rootObject = 1EC3BC92248C749C0052C61B /* Project object */;
}
