{
  "object": {
    "pins": [
      {
        "package": "ElegantPages",
        "repositoryURL": "https://github.com/ThasianX/ElegantPages",
        "state": {
          "branch": null,
          "revision": "890aa0e01dcd04bf77ae8250dd6fc6c9228f54bf",
          "version": "1.0.0"
        }
      }
    ]
  },
  "version": 1
}
