{
  "object": {
    "pins": [
      {
        "package": "ElegantPages",
        "repositoryURL": "https://github.com/ThasianX/ElegantPages",
        "state": {
          "branch": "feature/syntax",
          "revision": "23c8c327b222d69bb281f5af5befe04b1baa9d69",
          "version": null
        }
      }
    ]
  },
  "version": 1
}
